// !$*UTF8*$!
{
	archiveVersion = 1;
	classes = {
	};
	objectVersion = 46;
	objects = {

/* Begin PBXBuildFile section */
		CE4E2D3B1C6D553C0047A7C8 /* 203.png in Resources */ = {isa = PBXBuildFile; fileRef = CE4E2C921C6D553C0047A7C8 /* 203.png */; };
		CE4E2D3C1C6D553C0047A7C8 /* 204.png in Resources */ = {isa = PBXBuildFile; fileRef = CE4E2C931C6D553C0047A7C8 /* 204.png */; };
		CE4E2D3D1C6D553C0047A7C8 /* 205.png in Resources */ = {isa = PBXBuildFile; fileRef = CE4E2C941C6D553C0047A7C8 /* 205.png */; };
		CE4E2D3E1C6D553C0047A7C8 /* 206.png in Resources */ = {isa = PBXBuildFile; fileRef = CE4E2C951C6D553C0047A7C8 /* 206.png */; };
		CE4E2D3F1C6D553C0047A7C8 /* 207.png in Resources */ = {isa = PBXBuildFile; fileRef = CE4E2C961C6D553C0047A7C8 /* 207.png */; };
		CE4E2D401C6D553C0047A7C8 /* 208.png in Resources */ = {isa = PBXBuildFile; fileRef = CE4E2C971C6D553C0047A7C8 /* 208.png */; };
		CE4E2D411C6D553C0047A7C8 /* 209.png in Resources */ = {isa = PBXBuildFile; fileRef = CE4E2C981C6D553C0047A7C8 /* 209.png */; };
		CE4E2D421C6D553C0047A7C8 /* 210.png in Resources */ = {isa = PBXBuildFile; fileRef = CE4E2C991C6D553C0047A7C8 /* 210.png */; };
		CE4E2D431C6D553C0047A7C8 /* 211.png in Resources */ = {isa = PBXBuildFile; fileRef = CE4E2C9A1C6D553C0047A7C8 /* 211.png */; };
		CE4E2D441C6D553C0047A7C8 /* 212.png in Resources */ = {isa = PBXBuildFile; fileRef = CE4E2C9B1C6D553C0047A7C8 /* 212.png */; };
		CE4E2D451C6D553C0047A7C8 /* 213.png in Resources */ = {isa = PBXBuildFile; fileRef = CE4E2C9C1C6D553C0047A7C8 /* 213.png */; };
		CE4E2D461C6D553C0047A7C8 /* 214.png in Resources */ = {isa = PBXBuildFile; fileRef = CE4E2C9D1C6D553C0047A7C8 /* 214.png */; };
		CE4E2D471C6D553C0047A7C8 /* 215.png in Resources */ = {isa = PBXBuildFile; fileRef = CE4E2C9E1C6D553C0047A7C8 /* 215.png */; };
		CE4E2D481C6D553C0047A7C8 /* 216.png in Resources */ = {isa = PBXBuildFile; fileRef = CE4E2C9F1C6D553C0047A7C8 /* 216.png */; };
		CE4E2D491C6D553C0047A7C8 /* 217.png in Resources */ = {isa = PBXBuildFile; fileRef = CE4E2CA01C6D553C0047A7C8 /* 217.png */; };
		CE4E2D4A1C6D553C0047A7C8 /* 218.png in Resources */ = {isa = PBXBuildFile; fileRef = CE4E2CA11C6D553C0047A7C8 /* 218.png */; };
		CE4E2D4B1C6D553C0047A7C8 /* 219.png in Resources */ = {isa = PBXBuildFile; fileRef = CE4E2CA21C6D553C0047A7C8 /* 219.png */; };
		CE4E2D4C1C6D553C0047A7C8 /* 220.png in Resources */ = {isa = PBXBuildFile; fileRef = CE4E2CA31C6D553C0047A7C8 /* 220.png */; };
		CE4E2D4D1C6D553C0047A7C8 /* 221.png in Resources */ = {isa = PBXBuildFile; fileRef = CE4E2CA41C6D553C0047A7C8 /* 221.png */; };
		CE4E2D4E1C6D553C0047A7C8 /* 222.png in Resources */ = {isa = PBXBuildFile; fileRef = CE4E2CA51C6D553C0047A7C8 /* 222.png */; };
		CE4E2D4F1C6D553C0047A7C8 /* 223.png in Resources */ = {isa = PBXBuildFile; fileRef = CE4E2CA61C6D553C0047A7C8 /* 223.png */; };
		CE4E2D501C6D553C0047A7C8 /* 224.png in Resources */ = {isa = PBXBuildFile; fileRef = CE4E2CA71C6D553C0047A7C8 /* 224.png */; };
		CE4E2D511C6D553C0047A7C8 /* 225.png in Resources */ = {isa = PBXBuildFile; fileRef = CE4E2CA81C6D553C0047A7C8 /* 225.png */; };
		CE4E2D521C6D553C0047A7C8 /* 226.png in Resources */ = {isa = PBXBuildFile; fileRef = CE4E2CA91C6D553C0047A7C8 /* 226.png */; };
		CE4E2D531C6D553C0047A7C8 /* 227.png in Resources */ = {isa = PBXBuildFile; fileRef = CE4E2CAA1C6D553C0047A7C8 /* 227.png */; };
		CE4E2D541C6D553C0047A7C8 /* 228.png in Resources */ = {isa = PBXBuildFile; fileRef = CE4E2CAB1C6D553C0047A7C8 /* 228.png */; };
		CE4E2D551C6D553C0047A7C8 /* 229.png in Resources */ = {isa = PBXBuildFile; fileRef = CE4E2CAC1C6D553C0047A7C8 /* 229.png */; };
		CE4E2D561C6D553C0047A7C8 /* 230.png in Resources */ = {isa = PBXBuildFile; fileRef = CE4E2CAD1C6D553C0047A7C8 /* 230.png */; };
		CE4E2D571C6D553C0047A7C8 /* 231.png in Resources */ = {isa = PBXBuildFile; fileRef = CE4E2CAE1C6D553C0047A7C8 /* 231.png */; };
		CE4E2D581C6D553C0047A7C8 /* 232.png in Resources */ = {isa = PBXBuildFile; fileRef = CE4E2CAF1C6D553C0047A7C8 /* 232.png */; };
		CE4E2D591C6D553C0047A7C8 /* 233.png in Resources */ = {isa = PBXBuildFile; fileRef = CE4E2CB01C6D553C0047A7C8 /* 233.png */; };
		CE4E2D5A1C6D553C0047A7C8 /* 234.png in Resources */ = {isa = PBXBuildFile; fileRef = CE4E2CB11C6D553C0047A7C8 /* 234.png */; };
		CE4E2D5B1C6D553C0047A7C8 /* 235.png in Resources */ = {isa = PBXBuildFile; fileRef = CE4E2CB21C6D553C0047A7C8 /* 235.png */; };
		CE4E2D5C1C6D553C0047A7C8 /* 236.png in Resources */ = {isa = PBXBuildFile; fileRef = CE4E2CB31C6D553C0047A7C8 /* 236.png */; };
		CE4E2D5D1C6D553C0047A7C8 /* 237.png in Resources */ = {isa = PBXBuildFile; fileRef = CE4E2CB41C6D553C0047A7C8 /* 237.png */; };
		CE4E2D5E1C6D553C0047A7C8 /* 238.png in Resources */ = {isa = PBXBuildFile; fileRef = CE4E2CB51C6D553C0047A7C8 /* 238.png */; };
		CE4E2D5F1C6D553C0047A7C8 /* 239.png in Resources */ = {isa = PBXBuildFile; fileRef = CE4E2CB61C6D553C0047A7C8 /* 239.png */; };
		CE4E2D601C6D553C0047A7C8 /* 240.png in Resources */ = {isa = PBXBuildFile; fileRef = CE4E2CB71C6D553C0047A7C8 /* 240.png */; };
		CE4E2D611C6D553C0047A7C8 /* 241.png in Resources */ = {isa = PBXBuildFile; fileRef = CE4E2CB81C6D553C0047A7C8 /* 241.png */; };
		CE4E2D621C6D553C0047A7C8 /* 242.png in Resources */ = {isa = PBXBuildFile; fileRef = CE4E2CB91C6D553C0047A7C8 /* 242.png */; };
		CE4E2D631C6D553C0047A7C8 /* 243.png in Resources */ = {isa = PBXBuildFile; fileRef = CE4E2CBA1C6D553C0047A7C8 /* 243.png */; };
		CE4E2D641C6D553C0047A7C8 /* 244.png in Resources */ = {isa = PBXBuildFile; fileRef = CE4E2CBB1C6D553C0047A7C8 /* 244.png */; };
		CE4E2D651C6D553C0047A7C8 /* 245.png in Resources */ = {isa = PBXBuildFile; fileRef = CE4E2CBC1C6D553C0047A7C8 /* 245.png */; };
		CE4E2D661C6D553C0047A7C8 /* 246.png in Resources */ = {isa = PBXBuildFile; fileRef = CE4E2CBD1C6D553C0047A7C8 /* 246.png */; };
		CE4E2D671C6D553C0047A7C8 /* 247.png in Resources */ = {isa = PBXBuildFile; fileRef = CE4E2CBE1C6D553C0047A7C8 /* 247.png */; };
		CE4E2D681C6D553C0047A7C8 /* 248.png in Resources */ = {isa = PBXBuildFile; fileRef = CE4E2CBF1C6D553C0047A7C8 /* 248.png */; };
		CE4E2D691C6D553C0047A7C8 /* 249.png in Resources */ = {isa = PBXBuildFile; fileRef = CE4E2CC01C6D553C0047A7C8 /* 249.png */; };
		CE4E2D6A1C6D553C0047A7C8 /* 250.png in Resources */ = {isa = PBXBuildFile; fileRef = CE4E2CC11C6D553C0047A7C8 /* 250.png */; };
		CE4E2D6B1C6D553C0047A7C8 /* 251.png in Resources */ = {isa = PBXBuildFile; fileRef = CE4E2CC21C6D553C0047A7C8 /* 251.png */; };
		CE4E2D6C1C6D553C0047A7C8 /* 252.png in Resources */ = {isa = PBXBuildFile; fileRef = CE4E2CC31C6D553C0047A7C8 /* 252.png */; };
		CE4E2D6D1C6D553C0047A7C8 /* 253.png in Resources */ = {isa = PBXBuildFile; fileRef = CE4E2CC41C6D553C0047A7C8 /* 253.png */; };
		CE4E2D6E1C6D553C0047A7C8 /* 254.png in Resources */ = {isa = PBXBuildFile; fileRef = CE4E2CC51C6D553C0047A7C8 /* 254.png */; };
		CE4E2D6F1C6D553C0047A7C8 /* 255.png in Resources */ = {isa = PBXBuildFile; fileRef = CE4E2CC61C6D553C0047A7C8 /* 255.png */; };
		CE4E2D701C6D553C0047A7C8 /* 256.png in Resources */ = {isa = PBXBuildFile; fileRef = CE4E2CC71C6D553C0047A7C8 /* 256.png */; };
		CE4E2D711C6D553C0047A7C8 /* 257.png in Resources */ = {isa = PBXBuildFile; fileRef = CE4E2CC81C6D553C0047A7C8 /* 257.png */; };
		CE4E2D721C6D553C0047A7C8 /* 258.png in Resources */ = {isa = PBXBuildFile; fileRef = CE4E2CC91C6D553C0047A7C8 /* 258.png */; };
		CE4E2D731C6D553C0047A7C8 /* 259.png in Resources */ = {isa = PBXBuildFile; fileRef = CE4E2CCA1C6D553C0047A7C8 /* 259.png */; };
		CE4E2D741C6D553C0047A7C8 /* 260.png in Resources */ = {isa = PBXBuildFile; fileRef = CE4E2CCB1C6D553C0047A7C8 /* 260.png */; };
		CE4E2D751C6D553C0047A7C8 /* 261.png in Resources */ = {isa = PBXBuildFile; fileRef = CE4E2CCC1C6D553C0047A7C8 /* 261.png */; };
		CE4E2D761C6D553C0047A7C8 /* 262.png in Resources */ = {isa = PBXBuildFile; fileRef = CE4E2CCD1C6D553C0047A7C8 /* 262.png */; };
		CE4E2D771C6D553C0047A7C8 /* 263.png in Resources */ = {isa = PBXBuildFile; fileRef = CE4E2CCE1C6D553C0047A7C8 /* 263.png */; };
		CE4E2D781C6D553C0047A7C8 /* 264.png in Resources */ = {isa = PBXBuildFile; fileRef = CE4E2CCF1C6D553C0047A7C8 /* 264.png */; };
		CE4E2D791C6D553C0047A7C8 /* 265.png in Resources */ = {isa = PBXBuildFile; fileRef = CE4E2CD01C6D553C0047A7C8 /* 265.png */; };
		CE4E2D7A1C6D553C0047A7C8 /* 266.png in Resources */ = {isa = PBXBuildFile; fileRef = CE4E2CD11C6D553C0047A7C8 /* 266.png */; };
		CE4E2D7B1C6D553C0047A7C8 /* 267.png in Resources */ = {isa = PBXBuildFile; fileRef = CE4E2CD21C6D553C0047A7C8 /* 267.png */; };
		CE4E2D7C1C6D553C0047A7C8 /* 268.png in Resources */ = {isa = PBXBuildFile; fileRef = CE4E2CD31C6D553C0047A7C8 /* 268.png */; };
		CE4E2D7D1C6D553C0047A7C8 /* 269.png in Resources */ = {isa = PBXBuildFile; fileRef = CE4E2CD41C6D553C0047A7C8 /* 269.png */; };
		CE4E2D7E1C6D553C0047A7C8 /* 270.png in Resources */ = {isa = PBXBuildFile; fileRef = CE4E2CD51C6D553C0047A7C8 /* 270.png */; };
		CE4E2D7F1C6D553C0047A7C8 /* 271.png in Resources */ = {isa = PBXBuildFile; fileRef = CE4E2CD61C6D553C0047A7C8 /* 271.png */; };
		CE4E2D801C6D553C0047A7C8 /* 272.png in Resources */ = {isa = PBXBuildFile; fileRef = CE4E2CD71C6D553C0047A7C8 /* 272.png */; };
		CE4E2D811C6D553C0047A7C8 /* 273.png in Resources */ = {isa = PBXBuildFile; fileRef = CE4E2CD81C6D553C0047A7C8 /* 273.png */; };
		CE4E2D821C6D553C0047A7C8 /* 274.png in Resources */ = {isa = PBXBuildFile; fileRef = CE4E2CD91C6D553C0047A7C8 /* 274.png */; };
		CE4E2D831C6D553C0047A7C8 /* 275.png in Resources */ = {isa = PBXBuildFile; fileRef = CE4E2CDA1C6D553C0047A7C8 /* 275.png */; };
		CE4E2D841C6D553C0047A7C8 /* 276.png in Resources */ = {isa = PBXBuildFile; fileRef = CE4E2CDB1C6D553C0047A7C8 /* 276.png */; };
		CE4E2D851C6D553C0047A7C8 /* 277.png in Resources */ = {isa = PBXBuildFile; fileRef = CE4E2CDC1C6D553C0047A7C8 /* 277.png */; };
		CE4E2D861C6D553C0047A7C8 /* 278.png in Resources */ = {isa = PBXBuildFile; fileRef = CE4E2CDD1C6D553C0047A7C8 /* 278.png */; };
		CE4E2D871C6D553C0047A7C8 /* 279.png in Resources */ = {isa = PBXBuildFile; fileRef = CE4E2CDE1C6D553C0047A7C8 /* 279.png */; };
		CE4E2D881C6D553C0047A7C8 /* 280.png in Resources */ = {isa = PBXBuildFile; fileRef = CE4E2CDF1C6D553C0047A7C8 /* 280.png */; };
		CE4E2D891C6D553C0047A7C8 /* 281.png in Resources */ = {isa = PBXBuildFile; fileRef = CE4E2CE01C6D553C0047A7C8 /* 281.png */; };
		CE4E2D8A1C6D553C0047A7C8 /* 282.png in Resources */ = {isa = PBXBuildFile; fileRef = CE4E2CE11C6D553C0047A7C8 /* 282.png */; };
		CE4E2D8B1C6D553C0047A7C8 /* 283.png in Resources */ = {isa = PBXBuildFile; fileRef = CE4E2CE21C6D553C0047A7C8 /* 283.png */; };
		CE4E2D8C1C6D553C0047A7C8 /* 284.png in Resources */ = {isa = PBXBuildFile; fileRef = CE4E2CE31C6D553C0047A7C8 /* 284.png */; };
		CE4E2D8D1C6D553C0047A7C8 /* 285.png in Resources */ = {isa = PBXBuildFile; fileRef = CE4E2CE41C6D553C0047A7C8 /* 285.png */; };
		CE4E2D8E1C6D553C0047A7C8 /* 286.png in Resources */ = {isa = PBXBuildFile; fileRef = CE4E2CE51C6D553C0047A7C8 /* 286.png */; };
		CE4E2D8F1C6D553C0047A7C8 /* 287.png in Resources */ = {isa = PBXBuildFile; fileRef = CE4E2CE61C6D553C0047A7C8 /* 287.png */; };
		CE4E2D901C6D553C0047A7C8 /* 288.png in Resources */ = {isa = PBXBuildFile; fileRef = CE4E2CE71C6D553C0047A7C8 /* 288.png */; };
		CE4E2D911C6D553C0047A7C8 /* 289.png in Resources */ = {isa = PBXBuildFile; fileRef = CE4E2CE81C6D553C0047A7C8 /* 289.png */; };
		CE4E2D921C6D553C0047A7C8 /* 290.png in Resources */ = {isa = PBXBuildFile; fileRef = CE4E2CE91C6D553C0047A7C8 /* 290.png */; };
		CE4E2D931C6D553C0047A7C8 /* 291.png in Resources */ = {isa = PBXBuildFile; fileRef = CE4E2CEA1C6D553C0047A7C8 /* 291.png */; };
		CE4E2D941C6D553C0047A7C8 /* 292.png in Resources */ = {isa = PBXBuildFile; fileRef = CE4E2CEB1C6D553C0047A7C8 /* 292.png */; };
		CE4E2D951C6D553C0047A7C8 /* 293.png in Resources */ = {isa = PBXBuildFile; fileRef = CE4E2CEC1C6D553C0047A7C8 /* 293.png */; };
		CE4E2D961C6D553C0047A7C8 /* 294.png in Resources */ = {isa = PBXBuildFile; fileRef = CE4E2CED1C6D553C0047A7C8 /* 294.png */; };
		CE4E2D971C6D553C0047A7C8 /* 295.png in Resources */ = {isa = PBXBuildFile; fileRef = CE4E2CEE1C6D553C0047A7C8 /* 295.png */; };
		CE4E2D981C6D553C0047A7C8 /* 296.png in Resources */ = {isa = PBXBuildFile; fileRef = CE4E2CEF1C6D553C0047A7C8 /* 296.png */; };
		CE4E2D991C6D553C0047A7C8 /* 297.png in Resources */ = {isa = PBXBuildFile; fileRef = CE4E2CF01C6D553C0047A7C8 /* 297.png */; };
		CE4E2D9A1C6D553C0047A7C8 /* 298.png in Resources */ = {isa = PBXBuildFile; fileRef = CE4E2CF11C6D553C0047A7C8 /* 298.png */; };
		CE4E2D9B1C6D553C0047A7C8 /* 299.png in Resources */ = {isa = PBXBuildFile; fileRef = CE4E2CF21C6D553C0047A7C8 /* 299.png */; };
		CE4E2D9C1C6D553C0047A7C8 /* 300.png in Resources */ = {isa = PBXBuildFile; fileRef = CE4E2CF31C6D553C0047A7C8 /* 300.png */; };
		CE4E2D9D1C6D553C0047A7C8 /* 301.png in Resources */ = {isa = PBXBuildFile; fileRef = CE4E2CF41C6D553C0047A7C8 /* 301.png */; };
		CE4E2D9E1C6D553C0047A7C8 /* 302.png in Resources */ = {isa = PBXBuildFile; fileRef = CE4E2CF51C6D553C0047A7C8 /* 302.png */; };
		CE4E2D9F1C6D553C0047A7C8 /* 303.png in Resources */ = {isa = PBXBuildFile; fileRef = CE4E2CF61C6D553C0047A7C8 /* 303.png */; };
		CE4E2DA01C6D553C0047A7C8 /* 304.png in Resources */ = {isa = PBXBuildFile; fileRef = CE4E2CF71C6D553C0047A7C8 /* 304.png */; };
		CE4E2DA11C6D553C0047A7C8 /* 305.png in Resources */ = {isa = PBXBuildFile; fileRef = CE4E2CF81C6D553C0047A7C8 /* 305.png */; };
		CE4E2DA21C6D553C0047A7C8 /* 306.png in Resources */ = {isa = PBXBuildFile; fileRef = CE4E2CF91C6D553C0047A7C8 /* 306.png */; };
		CE4E2DA31C6D553C0047A7C8 /* 307.png in Resources */ = {isa = PBXBuildFile; fileRef = CE4E2CFA1C6D553C0047A7C8 /* 307.png */; };
		CE4E2DA41C6D553C0047A7C8 /* 308.png in Resources */ = {isa = PBXBuildFile; fileRef = CE4E2CFB1C6D553C0047A7C8 /* 308.png */; };
		CE4E2DA51C6D553C0047A7C8 /* 309.png in Resources */ = {isa = PBXBuildFile; fileRef = CE4E2CFC1C6D553C0047A7C8 /* 309.png */; };
		CE4E2DA61C6D553C0047A7C8 /* 310.png in Resources */ = {isa = PBXBuildFile; fileRef = CE4E2CFD1C6D553C0047A7C8 /* 310.png */; };
		CE4E2DA71C6D553C0047A7C8 /* 311.png in Resources */ = {isa = PBXBuildFile; fileRef = CE4E2CFE1C6D553C0047A7C8 /* 311.png */; };
		CE4E2DA81C6D553C0047A7C8 /* 312.png in Resources */ = {isa = PBXBuildFile; fileRef = CE4E2CFF1C6D553C0047A7C8 /* 312.png */; };
		CE4E2DA91C6D553C0047A7C8 /* 313.png in Resources */ = {isa = PBXBuildFile; fileRef = CE4E2D001C6D553C0047A7C8 /* 313.png */; };
		CE4E2DAA1C6D553C0047A7C8 /* 314.png in Resources */ = {isa = PBXBuildFile; fileRef = CE4E2D011C6D553C0047A7C8 /* 314.png */; };
		CE4E2DAB1C6D553C0047A7C8 /* 315.png in Resources */ = {isa = PBXBuildFile; fileRef = CE4E2D021C6D553C0047A7C8 /* 315.png */; };
		CE4E2DAC1C6D553C0047A7C8 /* 316.png in Resources */ = {isa = PBXBuildFile; fileRef = CE4E2D031C6D553C0047A7C8 /* 316.png */; };
		CE4E2DAD1C6D553C0047A7C8 /* 317.png in Resources */ = {isa = PBXBuildFile; fileRef = CE4E2D041C6D553C0047A7C8 /* 317.png */; };
		CE4E2DAE1C6D553C0047A7C8 /* 318.png in Resources */ = {isa = PBXBuildFile; fileRef = CE4E2D051C6D553C0047A7C8 /* 318.png */; };
		CE4E2DAF1C6D553C0047A7C8 /* 319.png in Resources */ = {isa = PBXBuildFile; fileRef = CE4E2D061C6D553C0047A7C8 /* 319.png */; };
		CE4E2DB01C6D553C0047A7C8 /* 320.png in Resources */ = {isa = PBXBuildFile; fileRef = CE4E2D071C6D553C0047A7C8 /* 320.png */; };
		CE4E2DB11C6D553C0047A7C8 /* 321.png in Resources */ = {isa = PBXBuildFile; fileRef = CE4E2D081C6D553C0047A7C8 /* 321.png */; };
		CE4E2DB21C6D553C0047A7C8 /* 322.png in Resources */ = {isa = PBXBuildFile; fileRef = CE4E2D091C6D553C0047A7C8 /* 322.png */; };
		CE4E2DB31C6D553C0047A7C8 /* 323.png in Resources */ = {isa = PBXBuildFile; fileRef = CE4E2D0A1C6D553C0047A7C8 /* 323.png */; };
		CE4E2DB41C6D553C0047A7C8 /* 324.png in Resources */ = {isa = PBXBuildFile; fileRef = CE4E2D0B1C6D553C0047A7C8 /* 324.png */; };
		CE4E2DB51C6D553C0047A7C8 /* 325.png in Resources */ = {isa = PBXBuildFile; fileRef = CE4E2D0C1C6D553C0047A7C8 /* 325.png */; };
		CE4E2DB61C6D553C0047A7C8 /* 326.png in Resources */ = {isa = PBXBuildFile; fileRef = CE4E2D0D1C6D553C0047A7C8 /* 326.png */; };
		CE4E2DB71C6D553C0047A7C8 /* 327.png in Resources */ = {isa = PBXBuildFile; fileRef = CE4E2D0E1C6D553C0047A7C8 /* 327.png */; };
		CE4E2DB81C6D553C0047A7C8 /* 328.png in Resources */ = {isa = PBXBuildFile; fileRef = CE4E2D0F1C6D553C0047A7C8 /* 328.png */; };
		CE4E2DB91C6D553C0047A7C8 /* 329.png in Resources */ = {isa = PBXBuildFile; fileRef = CE4E2D101C6D553C0047A7C8 /* 329.png */; };
		CE4E2DBA1C6D553C0047A7C8 /* 330.png in Resources */ = {isa = PBXBuildFile; fileRef = CE4E2D111C6D553C0047A7C8 /* 330.png */; };
		CE4E2DBB1C6D553C0047A7C8 /* 331.png in Resources */ = {isa = PBXBuildFile; fileRef = CE4E2D121C6D553C0047A7C8 /* 331.png */; };
		CE4E2DBC1C6D553C0047A7C8 /* 332.png in Resources */ = {isa = PBXBuildFile; fileRef = CE4E2D131C6D553C0047A7C8 /* 332.png */; };
		CE4E2DBD1C6D553C0047A7C8 /* 333.png in Resources */ = {isa = PBXBuildFile; fileRef = CE4E2D141C6D553C0047A7C8 /* 333.png */; };
		CE4E2DBE1C6D553C0047A7C8 /* 334.png in Resources */ = {isa = PBXBuildFile; fileRef = CE4E2D151C6D553C0047A7C8 /* 334.png */; };
		CE4E2DBF1C6D553C0047A7C8 /* 335.png in Resources */ = {isa = PBXBuildFile; fileRef = CE4E2D161C6D553C0047A7C8 /* 335.png */; };
		CE4E2DC01C6D553C0047A7C8 /* 336.png in Resources */ = {isa = PBXBuildFile; fileRef = CE4E2D171C6D553C0047A7C8 /* 336.png */; };
		CE4E2DC11C6D553C0047A7C8 /* 337.png in Resources */ = {isa = PBXBuildFile; fileRef = CE4E2D181C6D553C0047A7C8 /* 337.png */; };
		CE4E2DC21C6D553C0047A7C8 /* 338.png in Resources */ = {isa = PBXBuildFile; fileRef = CE4E2D191C6D553C0047A7C8 /* 338.png */; };
		CE4E2DC31C6D553C0047A7C8 /* 339.png in Resources */ = {isa = PBXBuildFile; fileRef = CE4E2D1A1C6D553C0047A7C8 /* 339.png */; };
		CE4E2DC41C6D553C0047A7C8 /* 340.png in Resources */ = {isa = PBXBuildFile; fileRef = CE4E2D1B1C6D553C0047A7C8 /* 340.png */; };
		CE4E2DC51C6D553C0047A7C8 /* 341.png in Resources */ = {isa = PBXBuildFile; fileRef = CE4E2D1C1C6D553C0047A7C8 /* 341.png */; };
		CE4E2DC61C6D553C0047A7C8 /* 342.png in Resources */ = {isa = PBXBuildFile; fileRef = CE4E2D1D1C6D553C0047A7C8 /* 342.png */; };
		CE4E2DC71C6D553C0047A7C8 /* 343.png in Resources */ = {isa = PBXBuildFile; fileRef = CE4E2D1E1C6D553C0047A7C8 /* 343.png */; };
		CE4E2DC81C6D553C0047A7C8 /* 668.png in Resources */ = {isa = PBXBuildFile; fileRef = CE4E2D1F1C6D553C0047A7C8 /* 668.png */; };
		CE4E2DC91C6D553C0047A7C8 /* 669.png in Resources */ = {isa = PBXBuildFile; fileRef = CE4E2D201C6D553C0047A7C8 /* 669.png */; };
		CE4E2DCA1C6D553C0047A7C8 /* 670.png in Resources */ = {isa = PBXBuildFile; fileRef = CE4E2D211C6D553C0047A7C8 /* 670.png */; };
		CE4E2DCB1C6D553C0047A7C8 /* 671.png in Resources */ = {isa = PBXBuildFile; fileRef = CE4E2D221C6D553C0047A7C8 /* 671.png */; };
		CE4E2DCC1C6D553C0047A7C8 /* 672.png in Resources */ = {isa = PBXBuildFile; fileRef = CE4E2D231C6D553C0047A7C8 /* 672.png */; };
		CE4E2DCD1C6D553C0047A7C8 /* 673.png in Resources */ = {isa = PBXBuildFile; fileRef = CE4E2D241C6D553C0047A7C8 /* 673.png */; };
		CE4E2DCE1C6D553C0047A7C8 /* 677.png in Resources */ = {isa = PBXBuildFile; fileRef = CE4E2D251C6D553C0047A7C8 /* 677.png */; };
		CE4E2DCF1C6D553C0047A7C8 /* 678.png in Resources */ = {isa = PBXBuildFile; fileRef = CE4E2D261C6D553C0047A7C8 /* 678.png */; };
		CE4E2DD01C6D553C0047A7C8 /* 679.png in Resources */ = {isa = PBXBuildFile; fileRef = CE4E2D271C6D553C0047A7C8 /* 679.png */; };
		CE4E2DD11C6D553C0047A7C8 /* 680.png in Resources */ = {isa = PBXBuildFile; fileRef = CE4E2D281C6D553C0047A7C8 /* 680.png */; };
		CE4E2DD21C6D553C0047A7C8 /* 681.png in Resources */ = {isa = PBXBuildFile; fileRef = CE4E2D291C6D553C0047A7C8 /* 681.png */; };
		CE4E2DD31C6D553C0047A7C8 /* 682.png in Resources */ = {isa = PBXBuildFile; fileRef = CE4E2D2A1C6D553C0047A7C8 /* 682.png */; };
		CE4E2DD41C6D553C0047A7C8 /* 683.png in Resources */ = {isa = PBXBuildFile; fileRef = CE4E2D2B1C6D553C0047A7C8 /* 683.png */; };
		CE4E2DD51C6D553C0047A7C8 /* 684.png in Resources */ = {isa = PBXBuildFile; fileRef = CE4E2D2C1C6D553C0047A7C8 /* 684.png */; };
		CE4E2DD61C6D553C0047A7C8 /* 685.png in Resources */ = {isa = PBXBuildFile; fileRef = CE4E2D2D1C6D553C0047A7C8 /* 685.png */; };
		CE4E2DD71C6D553C0047A7C8 /* 687.png in Resources */ = {isa = PBXBuildFile; fileRef = CE4E2D2E1C6D553C0047A7C8 /* 687.png */; };
		CE4E2DD81C6D553C0047A7C8 /* data.sqlite in Resources */ = {isa = PBXBuildFile; fileRef = CE4E2D2F1C6D553C0047A7C8 /* data.sqlite */; };
		CE4E2DD91C6D553C0047A7C8 /* FMDatabase.m in Sources */ = {isa = PBXBuildFile; fileRef = CE4E2D321C6D553C0047A7C8 /* FMDatabase.m */; settings = {COMPILER_FLAGS = "-fno-objc-arc"; }; };
		CE4E2DDA1C6D553C0047A7C8 /* FMDatabaseAdditions.m in Sources */ = {isa = PBXBuildFile; fileRef = CE4E2D341C6D553C0047A7C8 /* FMDatabaseAdditions.m */; settings = {COMPILER_FLAGS = "-fno-objc-arc"; }; };
		CE4E2DDB1C6D553C0047A7C8 /* FMDatabasePool.m in Sources */ = {isa = PBXBuildFile; fileRef = CE4E2D361C6D553C0047A7C8 /* FMDatabasePool.m */; settings = {COMPILER_FLAGS = "-fno-objc-arc"; }; };
		CE4E2DDC1C6D553C0047A7C8 /* FMDatabaseQueue.m in Sources */ = {isa = PBXBuildFile; fileRef = CE4E2D381C6D553C0047A7C8 /* FMDatabaseQueue.m */; settings = {COMPILER_FLAGS = "-fno-objc-arc"; }; };
		CE4E2DDD1C6D553C0047A7C8 /* FMResultSet.m in Sources */ = {isa = PBXBuildFile; fileRef = CE4E2D3A1C6D553C0047A7C8 /* FMResultSet.m */; settings = {COMPILER_FLAGS = "-fno-objc-arc"; }; };
		CE4E2DE01C6DBE260047A7C8 /* SelectModelView.m in Sources */ = {isa = PBXBuildFile; fileRef = CE4E2DDF1C6DBE260047A7C8 /* SelectModelView.m */; };
		CEA440E31C7171E500529A88 /* WebViewController.m in Sources */ = {isa = PBXBuildFile; fileRef = CEA440E21C7171E500529A88 /* WebViewController.m */; };
		CEA440E61C719EAA00529A88 /* SubjectTwoViewController.m in Sources */ = {isa = PBXBuildFile; fileRef = CEA440E51C719EAA00529A88 /* SubjectTwoViewController.m */; };
		CEA440E91C719F8B00529A88 /* subject.png in Resources */ = {isa = PBXBuildFile; fileRef = CEA440E71C719F8B00529A88 /* subject.png */; };
		CEA440EE1C71A02300529A88 /* SubjectTwoTableViewCell.m in Sources */ = {isa = PBXBuildFile; fileRef = CEA440EC1C71A02300529A88 /* SubjectTwoTableViewCell.m */; };
		CEA440EF1C71A02300529A88 /* SubjectTwoTableViewCell.xib in Resources */ = {isa = PBXBuildFile; fileRef = CEA440ED1C71A02300529A88 /* SubjectTwoTableViewCell.xib */; };
		CEC494221C6C176700FE4963 /* SelectVehicleView.m in Sources */ = {isa = PBXBuildFile; fileRef = CEC494211C6C176700FE4963 /* SelectVehicleView.m */; };
		CEC494271C6C336200FE4963 /* FirstViewController.m in Sources */ = {isa = PBXBuildFile; fileRef = CEC494251C6C336200FE4963 /* FirstViewController.m */; };
		CEC4942D1C6C382200FE4963 /* FirstTableViewCell.m in Sources */ = {isa = PBXBuildFile; fileRef = CEC4942B1C6C382200FE4963 /* FirstTableViewCell.m */; };
		CEC4942E1C6C382200FE4963 /* FirstTableViewCell.xib in Resources */ = {isa = PBXBuildFile; fileRef = CEC4942C1C6C382200FE4963 /* FirstTableViewCell.xib */; };
		CEC494311C6C534A00FE4963 /* TestSelectViewController.m in Sources */ = {isa = PBXBuildFile; fileRef = CEC494301C6C534A00FE4963 /* TestSelectViewController.m */; };
		CEC494351C6C563300FE4963 /* TestSelectTableViewCell.m in Sources */ = {isa = PBXBuildFile; fileRef = CEC494331C6C563300FE4963 /* TestSelectTableViewCell.m */; };
		CEC494361C6C563300FE4963 /* TestSelectTableViewCell.xib in Resources */ = {isa = PBXBuildFile; fileRef = CEC494341C6C563300FE4963 /* TestSelectTableViewCell.xib */; };
		CEC494381C6C634C00FE4963 /* libsqlite3.tbd in Frameworks */ = {isa = PBXBuildFile; fileRef = CEC494371C6C634C00FE4963 /* libsqlite3.tbd */; };
		CEC495891C6C651800FE4963 /* MyDataManager.m in Sources */ = {isa = PBXBuildFile; fileRef = CEC495881C6C651800FE4963 /* MyDataManager.m */; };
		CEC4958D1C6C695D00FE4963 /* TestSelectModel.m in Sources */ = {isa = PBXBuildFile; fileRef = CEC4958C1C6C695D00FE4963 /* TestSelectModel.m */; };
		CEC495911C6C71C500FE4963 /* AnswerView.m in Sources */ = {isa = PBXBuildFile; fileRef = CEC495901C6C71C500FE4963 /* AnswerView.m */; };
		CEC495981C6C777000FE4963 /* AnswerTableViewCell.m in Sources */ = {isa = PBXBuildFile; fileRef = CEC495961C6C777000FE4963 /* AnswerTableViewCell.m */; };
		CEC495991C6C777000FE4963 /* AnswerTableViewCell.xib in Resources */ = {isa = PBXBuildFile; fileRef = CEC495971C6C777000FE4963 /* AnswerTableViewCell.xib */; };
		CEC4959C1C6C807100FE4963 /* AnswerViewController.m in Sources */ = {isa = PBXBuildFile; fileRef = CEC4959B1C6C807100FE4963 /* AnswerViewController.m */; };
		CEC4959F1C6C885300FE4963 /* AnswerModel.m in Sources */ = {isa = PBXBuildFile; fileRef = CEC4959E1C6C885300FE4963 /* AnswerModel.m */; };
		CEC495A21C6C8C6100FE4963 /* Tools.m in Sources */ = {isa = PBXBuildFile; fileRef = CEC495A11C6C8C6100FE4963 /* Tools.m */; };
		CECCCEB31C72F3F40041E283 /* shipin.mp4 in Resources */ = {isa = PBXBuildFile; fileRef = CECCCEB21C72F3F40041E283 /* shipin.mp4 */; };
		CECDED441C5F3E47003C74E7 /* main.m in Sources */ = {isa = PBXBuildFile; fileRef = CECDED431C5F3E47003C74E7 /* main.m */; };
		CECDED471C5F3E48003C74E7 /* AppDelegate.m in Sources */ = {isa = PBXBuildFile; fileRef = CECDED461C5F3E48003C74E7 /* AppDelegate.m */; };
		CECDED4A1C5F3E48003C74E7 /* ViewController.m in Sources */ = {isa = PBXBuildFile; fileRef = CECDED491C5F3E48003C74E7 /* ViewController.m */; };
		CECDED4D1C5F3E48003C74E7 /* Main.storyboard in Resources */ = {isa = PBXBuildFile; fileRef = CECDED4B1C5F3E48003C74E7 /* Main.storyboard */; };
		CECDED4F1C5F3E48003C74E7 /* Assets.xcassets in Resources */ = {isa = PBXBuildFile; fileRef = CECDED4E1C5F3E48003C74E7 /* Assets.xcassets */; };
		CECDED521C5F3E48003C74E7 /* LaunchScreen.storyboard in Resources */ = {isa = PBXBuildFile; fileRef = CECDED501C5F3E48003C74E7 /* LaunchScreen.storyboard */; };
		CEF3CBB51C700D2E005F5B59 /* SeetView.m in Sources */ = {isa = PBXBuildFile; fileRef = CEF3CBB41C700D2E005F5B59 /* SeetView.m */; };
		CEF3CBB81C705B93005F5B59 /* SubChapterModel.m in Sources */ = {isa = PBXBuildFile; fileRef = CEF3CBB71C705B93005F5B59 /* SubChapterModel.m */; };
		CEF3CBC11C70709F005F5B59 /* MainTestViewController.m in Sources */ = {isa = PBXBuildFile; fileRef = CEF3CBBF1C70709F005F5B59 /* MainTestViewController.m */; };
		CEF3CBC21C70709F005F5B59 /* MainTestViewController.xib in Resources */ = {isa = PBXBuildFile; fileRef = CEF3CBC01C70709F005F5B59 /* MainTestViewController.xib */; };
/* End PBXBuildFile section */

/* Begin PBXFileReference section */
		CE4E2C921C6D553C0047A7C8 /* 203.png */ = {isa = PBXFileReference; lastKnownFileType = image.png; path = 203.png; sourceTree = "<group>"; };
		CE4E2C931C6D553C0047A7C8 /* 204.png */ = {isa = PBXFileReference; lastKnownFileType = image.png; path = 204.png; sourceTree = "<group>"; };
		CE4E2C941C6D553C0047A7C8 /* 205.png */ = {isa = PBXFileReference; lastKnownFileType = image.png; path = 205.png; sourceTree = "<group>"; };
		CE4E2C951C6D553C0047A7C8 /* 206.png */ = {isa = PBXFileReference; lastKnownFileType = image.png; path = 206.png; sourceTree = "<group>"; };
		CE4E2C961C6D553C0047A7C8 /* 207.png */ = {isa = PBXFileReference; lastKnownFileType = image.png; path = 207.png; sourceTree = "<group>"; };
		CE4E2C971C6D553C0047A7C8 /* 208.png */ = {isa = PBXFileReference; lastKnownFileType = image.png; path = 208.png; sourceTree = "<group>"; };
		CE4E2C981C6D553C0047A7C8 /* 209.png */ = {isa = PBXFileReference; lastKnownFileType = image.png; path = 209.png; sourceTree = "<group>"; };
		CE4E2C991C6D553C0047A7C8 /* 210.png */ = {isa = PBXFileReference; lastKnownFileType = image.png; path = 210.png; sourceTree = "<group>"; };
		CE4E2C9A1C6D553C0047A7C8 /* 211.png */ = {isa = PBXFileReference; lastKnownFileType = image.png; path = 211.png; sourceTree = "<group>"; };
		CE4E2C9B1C6D553C0047A7C8 /* 212.png */ = {isa = PBXFileReference; lastKnownFileType = image.png; path = 212.png; sourceTree = "<group>"; };
		CE4E2C9C1C6D553C0047A7C8 /* 213.png */ = {isa = PBXFileReference; lastKnownFileType = image.png; path = 213.png; sourceTree = "<group>"; };
		CE4E2C9D1C6D553C0047A7C8 /* 214.png */ = {isa = PBXFileReference; lastKnownFileType = image.png; path = 214.png; sourceTree = "<group>"; };
		CE4E2C9E1C6D553C0047A7C8 /* 215.png */ = {isa = PBXFileReference; lastKnownFileType = image.png; path = 215.png; sourceTree = "<group>"; };
		CE4E2C9F1C6D553C0047A7C8 /* 216.png */ = {isa = PBXFileReference; lastKnownFileType = image.png; path = 216.png; sourceTree = "<group>"; };
		CE4E2CA01C6D553C0047A7C8 /* 217.png */ = {isa = PBXFileReference; lastKnownFileType = image.png; path = 217.png; sourceTree = "<group>"; };
		CE4E2CA11C6D553C0047A7C8 /* 218.png */ = {isa = PBXFileReference; lastKnownFileType = image.png; path = 218.png; sourceTree = "<group>"; };
		CE4E2CA21C6D553C0047A7C8 /* 219.png */ = {isa = PBXFileReference; lastKnownFileType = image.png; path = 219.png; sourceTree = "<group>"; };
		CE4E2CA31C6D553C0047A7C8 /* 220.png */ = {isa = PBXFileReference; lastKnownFileType = image.png; path = 220.png; sourceTree = "<group>"; };
		CE4E2CA41C6D553C0047A7C8 /* 221.png */ = {isa = PBXFileReference; lastKnownFileType = image.png; path = 221.png; sourceTree = "<group>"; };
		CE4E2CA51C6D553C0047A7C8 /* 222.png */ = {isa = PBXFileReference; lastKnownFileType = image.png; path = 222.png; sourceTree = "<group>"; };
		CE4E2CA61C6D553C0047A7C8 /* 223.png */ = {isa = PBXFileReference; lastKnownFileType = image.png; path = 223.png; sourceTree = "<group>"; };
		CE4E2CA71C6D553C0047A7C8 /* 224.png */ = {isa = PBXFileReference; lastKnownFileType = image.png; path = 224.png; sourceTree = "<group>"; };
		CE4E2CA81C6D553C0047A7C8 /* 225.png */ = {isa = PBXFileReference; lastKnownFileType = image.png; path = 225.png; sourceTree = "<group>"; };
		CE4E2CA91C6D553C0047A7C8 /* 226.png */ = {isa = PBXFileReference; lastKnownFileType = image.png; path = 226.png; sourceTree = "<group>"; };
		CE4E2CAA1C6D553C0047A7C8 /* 227.png */ = {isa = PBXFileReference; lastKnownFileType = image.png; path = 227.png; sourceTree = "<group>"; };
		CE4E2CAB1C6D553C0047A7C8 /* 228.png */ = {isa = PBXFileReference; lastKnownFileType = image.png; path = 228.png; sourceTree = "<group>"; };
		CE4E2CAC1C6D553C0047A7C8 /* 229.png */ = {isa = PBXFileReference; lastKnownFileType = image.png; path = 229.png; sourceTree = "<group>"; };
		CE4E2CAD1C6D553C0047A7C8 /* 230.png */ = {isa = PBXFileReference; lastKnownFileType = image.png; path = 230.png; sourceTree = "<group>"; };
		CE4E2CAE1C6D553C0047A7C8 /* 231.png */ = {isa = PBXFileReference; lastKnownFileType = image.png; path = 231.png; sourceTree = "<group>"; };
		CE4E2CAF1C6D553C0047A7C8 /* 232.png */ = {isa = PBXFileReference; lastKnownFileType = image.png; path = 232.png; sourceTree = "<group>"; };
		CE4E2CB01C6D553C0047A7C8 /* 233.png */ = {isa = PBXFileReference; lastKnownFileType = image.png; path = 233.png; sourceTree = "<group>"; };
		CE4E2CB11C6D553C0047A7C8 /* 234.png */ = {isa = PBXFileReference; lastKnownFileType = image.png; path = 234.png; sourceTree = "<group>"; };
		CE4E2CB21C6D553C0047A7C8 /* 235.png */ = {isa = PBXFileReference; lastKnownFileType = image.png; path = 235.png; sourceTree = "<group>"; };
		CE4E2CB31C6D553C0047A7C8 /* 236.png */ = {isa = PBXFileReference; lastKnownFileType = image.png; path = 236.png; sourceTree = "<group>"; };
		CE4E2CB41C6D553C0047A7C8 /* 237.png */ = {isa = PBXFileReference; lastKnownFileType = image.png; path = 237.png; sourceTree = "<group>"; };
		CE4E2CB51C6D553C0047A7C8 /* 238.png */ = {isa = PBXFileReference; lastKnownFileType = image.png; path = 238.png; sourceTree = "<group>"; };
		CE4E2CB61C6D553C0047A7C8 /* 239.png */ = {isa = PBXFileReference; lastKnownFileType = image.png; path = 239.png; sourceTree = "<group>"; };
		CE4E2CB71C6D553C0047A7C8 /* 240.png */ = {isa = PBXFileReference; lastKnownFileType = image.png; path = 240.png; sourceTree = "<group>"; };
		CE4E2CB81C6D553C0047A7C8 /* 241.png */ = {isa = PBXFileReference; lastKnownFileType = image.png; path = 241.png; sourceTree = "<group>"; };
		CE4E2CB91C6D553C0047A7C8 /* 242.png */ = {isa = PBXFileReference; lastKnownFileType = image.png; path = 242.png; sourceTree = "<group>"; };
		CE4E2CBA1C6D553C0047A7C8 /* 243.png */ = {isa = PBXFileReference; lastKnownFileType = image.png; path = 243.png; sourceTree = "<group>"; };
		CE4E2CBB1C6D553C0047A7C8 /* 244.png */ = {isa = PBXFileReference; lastKnownFileType = image.png; path = 244.png; sourceTree = "<group>"; };
		CE4E2CBC1C6D553C0047A7C8 /* 245.png */ = {isa = PBXFileReference; lastKnownFileType = image.png; path = 245.png; sourceTree = "<group>"; };
		CE4E2CBD1C6D553C0047A7C8 /* 246.png */ = {isa = PBXFileReference; lastKnownFileType = image.png; path = 246.png; sourceTree = "<group>"; };
		CE4E2CBE1C6D553C0047A7C8 /* 247.png */ = {isa = PBXFileReference; lastKnownFileType = image.png; path = 247.png; sourceTree = "<group>"; };
		CE4E2CBF1C6D553C0047A7C8 /* 248.png */ = {isa = PBXFileReference; lastKnownFileType = image.png; path = 248.png; sourceTree = "<group>"; };
		CE4E2CC01C6D553C0047A7C8 /* 249.png */ = {isa = PBXFileReference; lastKnownFileType = image.png; path = 249.png; sourceTree = "<group>"; };
		CE4E2CC11C6D553C0047A7C8 /* 250.png */ = {isa = PBXFileReference; lastKnownFileType = image.png; path = 250.png; sourceTree = "<group>"; };
		CE4E2CC21C6D553C0047A7C8 /* 251.png */ = {isa = PBXFileReference; lastKnownFileType = image.png; path = 251.png; sourceTree = "<group>"; };
		CE4E2CC31C6D553C0047A7C8 /* 252.png */ = {isa = PBXFileReference; lastKnownFileType = image.png; path = 252.png; sourceTree = "<group>"; };
		CE4E2CC41C6D553C0047A7C8 /* 253.png */ = {isa = PBXFileReference; lastKnownFileType = image.png; path = 253.png; sourceTree = "<group>"; };
		CE4E2CC51C6D553C0047A7C8 /* 254.png */ = {isa = PBXFileReference; lastKnownFileType = image.png; path = 254.png; sourceTree = "<group>"; };
		CE4E2CC61C6D553C0047A7C8 /* 255.png */ = {isa = PBXFileReference; lastKnownFileType = image.png; path = 255.png; sourceTree = "<group>"; };
		CE4E2CC71C6D553C0047A7C8 /* 256.png */ = {isa = PBXFileReference; lastKnownFileType = image.png; path = 256.png; sourceTree = "<group>"; };
		CE4E2CC81C6D553C0047A7C8 /* 257.png */ = {isa = PBXFileReference; lastKnownFileType = image.png; path = 257.png; sourceTree = "<group>"; };
		CE4E2CC91C6D553C0047A7C8 /* 258.png */ = {isa = PBXFileReference; lastKnownFileType = image.png; path = 258.png; sourceTree = "<group>"; };
		CE4E2CCA1C6D553C0047A7C8 /* 259.png */ = {isa = PBXFileReference; lastKnownFileType = image.png; path = 259.png; sourceTree = "<group>"; };
		CE4E2CCB1C6D553C0047A7C8 /* 260.png */ = {isa = PBXFileReference; lastKnownFileType = image.png; path = 260.png; sourceTree = "<group>"; };
		CE4E2CCC1C6D553C0047A7C8 /* 261.png */ = {isa = PBXFileReference; lastKnownFileType = image.png; path = 261.png; sourceTree = "<group>"; };
		CE4E2CCD1C6D553C0047A7C8 /* 262.png */ = {isa = PBXFileReference; lastKnownFileType = image.png; path = 262.png; sourceTree = "<group>"; };
		CE4E2CCE1C6D553C0047A7C8 /* 263.png */ = {isa = PBXFileReference; lastKnownFileType = image.png; path = 263.png; sourceTree = "<group>"; };
		CE4E2CCF1C6D553C0047A7C8 /* 264.png */ = {isa = PBXFileReference; lastKnownFileType = image.png; path = 264.png; sourceTree = "<group>"; };
		CE4E2CD01C6D553C0047A7C8 /* 265.png */ = {isa = PBXFileReference; lastKnownFileType = image.png; path = 265.png; sourceTree = "<group>"; };
		CE4E2CD11C6D553C0047A7C8 /* 266.png */ = {isa = PBXFileReference; lastKnownFileType = image.png; path = 266.png; sourceTree = "<group>"; };
		CE4E2CD21C6D553C0047A7C8 /* 267.png */ = {isa = PBXFileReference; lastKnownFileType = image.png; path = 267.png; sourceTree = "<group>"; };
		CE4E2CD31C6D553C0047A7C8 /* 268.png */ = {isa = PBXFileReference; lastKnownFileType = image.png; path = 268.png; sourceTree = "<group>"; };
		CE4E2CD41C6D553C0047A7C8 /* 269.png */ = {isa = PBXFileReference; lastKnownFileType = image.png; path = 269.png; sourceTree = "<group>"; };
		CE4E2CD51C6D553C0047A7C8 /* 270.png */ = {isa = PBXFileReference; lastKnownFileType = image.png; path = 270.png; sourceTree = "<group>"; };
		CE4E2CD61C6D553C0047A7C8 /* 271.png */ = {isa = PBXFileReference; lastKnownFileType = image.png; path = 271.png; sourceTree = "<group>"; };
		CE4E2CD71C6D553C0047A7C8 /* 272.png */ = {isa = PBXFileReference; lastKnownFileType = image.png; path = 272.png; sourceTree = "<group>"; };
		CE4E2CD81C6D553C0047A7C8 /* 273.png */ = {isa = PBXFileReference; lastKnownFileType = image.png; path = 273.png; sourceTree = "<group>"; };
		CE4E2CD91C6D553C0047A7C8 /* 274.png */ = {isa = PBXFileReference; lastKnownFileType = image.png; path = 274.png; sourceTree = "<group>"; };
		CE4E2CDA1C6D553C0047A7C8 /* 275.png */ = {isa = PBXFileReference; lastKnownFileType = image.png; path = 275.png; sourceTree = "<group>"; };
		CE4E2CDB1C6D553C0047A7C8 /* 276.png */ = {isa = PBXFileReference; lastKnownFileType = image.png; path = 276.png; sourceTree = "<group>"; };
		CE4E2CDC1C6D553C0047A7C8 /* 277.png */ = {isa = PBXFileReference; lastKnownFileType = image.png; path = 277.png; sourceTree = "<group>"; };
		CE4E2CDD1C6D553C0047A7C8 /* 278.png */ = {isa = PBXFileReference; lastKnownFileType = image.png; path = 278.png; sourceTree = "<group>"; };
		CE4E2CDE1C6D553C0047A7C8 /* 279.png */ = {isa = PBXFileReference; lastKnownFileType = image.png; path = 279.png; sourceTree = "<group>"; };
		CE4E2CDF1C6D553C0047A7C8 /* 280.png */ = {isa = PBXFileReference; lastKnownFileType = image.png; path = 280.png; sourceTree = "<group>"; };
		CE4E2CE01C6D553C0047A7C8 /* 281.png */ = {isa = PBXFileReference; lastKnownFileType = image.png; path = 281.png; sourceTree = "<group>"; };
		CE4E2CE11C6D553C0047A7C8 /* 282.png */ = {isa = PBXFileReference; lastKnownFileType = image.png; path = 282.png; sourceTree = "<group>"; };
		CE4E2CE21C6D553C0047A7C8 /* 283.png */ = {isa = PBXFileReference; lastKnownFileType = image.png; path = 283.png; sourceTree = "<group>"; };
		CE4E2CE31C6D553C0047A7C8 /* 284.png */ = {isa = PBXFileReference; lastKnownFileType = image.png; path = 284.png; sourceTree = "<group>"; };
		CE4E2CE41C6D553C0047A7C8 /* 285.png */ = {isa = PBXFileReference; lastKnownFileType = image.png; path = 285.png; sourceTree = "<group>"; };
		CE4E2CE51C6D553C0047A7C8 /* 286.png */ = {isa = PBXFileReference; lastKnownFileType = image.png; path = 286.png; sourceTree = "<group>"; };
		CE4E2CE61C6D553C0047A7C8 /* 287.png */ = {isa = PBXFileReference; lastKnownFileType = image.png; path = 287.png; sourceTree = "<group>"; };
		CE4E2CE71C6D553C0047A7C8 /* 288.png */ = {isa = PBXFileReference; lastKnownFileType = image.png; path = 288.png; sourceTree = "<group>"; };
		CE4E2CE81C6D553C0047A7C8 /* 289.png */ = {isa = PBXFileReference; lastKnownFileType = image.png; path = 289.png; sourceTree = "<group>"; };
		CE4E2CE91C6D553C0047A7C8 /* 290.png */ = {isa = PBXFileReference; lastKnownFileType = image.png; path = 290.png; sourceTree = "<group>"; };
		CE4E2CEA1C6D553C0047A7C8 /* 291.png */ = {isa = PBXFileReference; lastKnownFileType = image.png; path = 291.png; sourceTree = "<group>"; };
		CE4E2CEB1C6D553C0047A7C8 /* 292.png */ = {isa = PBXFileReference; lastKnownFileType = image.png; path = 292.png; sourceTree = "<group>"; };
		CE4E2CEC1C6D553C0047A7C8 /* 293.png */ = {isa = PBXFileReference; lastKnownFileType = image.png; path = 293.png; sourceTree = "<group>"; };
		CE4E2CED1C6D553C0047A7C8 /* 294.png */ = {isa = PBXFileReference; lastKnownFileType = image.png; path = 294.png; sourceTree = "<group>"; };
		CE4E2CEE1C6D553C0047A7C8 /* 295.png */ = {isa = PBXFileReference; lastKnownFileType = image.png; path = 295.png; sourceTree = "<group>"; };
		CE4E2CEF1C6D553C0047A7C8 /* 296.png */ = {isa = PBXFileReference; lastKnownFileType = image.png; path = 296.png; sourceTree = "<group>"; };
		CE4E2CF01C6D553C0047A7C8 /* 297.png */ = {isa = PBXFileReference; lastKnownFileType = image.png; path = 297.png; sourceTree = "<group>"; };
		CE4E2CF11C6D553C0047A7C8 /* 298.png */ = {isa = PBXFileReference; lastKnownFileType = image.png; path = 298.png; sourceTree = "<group>"; };
		CE4E2CF21C6D553C0047A7C8 /* 299.png */ = {isa = PBXFileReference; lastKnownFileType = image.png; path = 299.png; sourceTree = "<group>"; };
		CE4E2CF31C6D553C0047A7C8 /* 300.png */ = {isa = PBXFileReference; lastKnownFileType = image.png; path = 300.png; sourceTree = "<group>"; };
		CE4E2CF41C6D553C0047A7C8 /* 301.png */ = {isa = PBXFileReference; lastKnownFileType = image.png; path = 301.png; sourceTree = "<group>"; };
		CE4E2CF51C6D553C0047A7C8 /* 302.png */ = {isa = PBXFileReference; lastKnownFileType = image.png; path = 302.png; sourceTree = "<group>"; };
		CE4E2CF61C6D553C0047A7C8 /* 303.png */ = {isa = PBXFileReference; lastKnownFileType = image.png; path = 303.png; sourceTree = "<group>"; };
		CE4E2CF71C6D553C0047A7C8 /* 304.png */ = {isa = PBXFileReference; lastKnownFileType = image.png; path = 304.png; sourceTree = "<group>"; };
		CE4E2CF81C6D553C0047A7C8 /* 305.png */ = {isa = PBXFileReference; lastKnownFileType = image.png; path = 305.png; sourceTree = "<group>"; };
		CE4E2CF91C6D553C0047A7C8 /* 306.png */ = {isa = PBXFileReference; lastKnownFileType = image.png; path = 306.png; sourceTree = "<group>"; };
		CE4E2CFA1C6D553C0047A7C8 /* 307.png */ = {isa = PBXFileReference; lastKnownFileType = image.png; path = 307.png; sourceTree = "<group>"; };
		CE4E2CFB1C6D553C0047A7C8 /* 308.png */ = {isa = PBXFileReference; lastKnownFileType = image.png; path = 308.png; sourceTree = "<group>"; };
		CE4E2CFC1C6D553C0047A7C8 /* 309.png */ = {isa = PBXFileReference; lastKnownFileType = image.png; path = 309.png; sourceTree = "<group>"; };
		CE4E2CFD1C6D553C0047A7C8 /* 310.png */ = {isa = PBXFileReference; lastKnownFileType = image.png; path = 310.png; sourceTree = "<group>"; };
		CE4E2CFE1C6D553C0047A7C8 /* 311.png */ = {isa = PBXFileReference; lastKnownFileType = image.png; path = 311.png; sourceTree = "<group>"; };
		CE4E2CFF1C6D553C0047A7C8 /* 312.png */ = {isa = PBXFileReference; lastKnownFileType = image.png; path = 312.png; sourceTree = "<group>"; };
		CE4E2D001C6D553C0047A7C8 /* 313.png */ = {isa = PBXFileReference; lastKnownFileType = image.png; path = 313.png; sourceTree = "<group>"; };
		CE4E2D011C6D553C0047A7C8 /* 314.png */ = {isa = PBXFileReference; lastKnownFileType = image.png; path = 314.png; sourceTree = "<group>"; };
		CE4E2D021C6D553C0047A7C8 /* 315.png */ = {isa = PBXFileReference; lastKnownFileType = image.png; path = 315.png; sourceTree = "<group>"; };
		CE4E2D031C6D553C0047A7C8 /* 316.png */ = {isa = PBXFileReference; lastKnownFileType = image.png; path = 316.png; sourceTree = "<group>"; };
		CE4E2D041C6D553C0047A7C8 /* 317.png */ = {isa = PBXFileReference; lastKnownFileType = image.png; path = 317.png; sourceTree = "<group>"; };
		CE4E2D051C6D553C0047A7C8 /* 318.png */ = {isa = PBXFileReference; lastKnownFileType = image.png; path = 318.png; sourceTree = "<group>"; };
		CE4E2D061C6D553C0047A7C8 /* 319.png */ = {isa = PBXFileReference; lastKnownFileType = image.png; path = 319.png; sourceTree = "<group>"; };
		CE4E2D071C6D553C0047A7C8 /* 320.png */ = {isa = PBXFileReference; lastKnownFileType = image.png; path = 320.png; sourceTree = "<group>"; };
		CE4E2D081C6D553C0047A7C8 /* 321.png */ = {isa = PBXFileReference; lastKnownFileType = image.png; path = 321.png; sourceTree = "<group>"; };
		CE4E2D091C6D553C0047A7C8 /* 322.png */ = {isa = PBXFileReference; lastKnownFileType = image.png; path = 322.png; sourceTree = "<group>"; };
		CE4E2D0A1C6D553C0047A7C8 /* 323.png */ = {isa = PBXFileReference; lastKnownFileType = image.png; path = 323.png; sourceTree = "<group>"; };
		CE4E2D0B1C6D553C0047A7C8 /* 324.png */ = {isa = PBXFileReference; lastKnownFileType = image.png; path = 324.png; sourceTree = "<group>"; };
		CE4E2D0C1C6D553C0047A7C8 /* 325.png */ = {isa = PBXFileReference; lastKnownFileType = image.png; path = 325.png; sourceTree = "<group>"; };
		CE4E2D0D1C6D553C0047A7C8 /* 326.png */ = {isa = PBXFileReference; lastKnownFileType = image.png; path = 326.png; sourceTree = "<group>"; };
		CE4E2D0E1C6D553C0047A7C8 /* 327.png */ = {isa = PBXFileReference; lastKnownFileType = image.png; path = 327.png; sourceTree = "<group>"; };
		CE4E2D0F1C6D553C0047A7C8 /* 328.png */ = {isa = PBXFileReference; lastKnownFileType = image.png; path = 328.png; sourceTree = "<group>"; };
		CE4E2D101C6D553C0047A7C8 /* 329.png */ = {isa = PBXFileReference; lastKnownFileType = image.png; path = 329.png; sourceTree = "<group>"; };
		CE4E2D111C6D553C0047A7C8 /* 330.png */ = {isa = PBXFileReference; lastKnownFileType = image.png; path = 330.png; sourceTree = "<group>"; };
		CE4E2D121C6D553C0047A7C8 /* 331.png */ = {isa = PBXFileReference; lastKnownFileType = image.png; path = 331.png; sourceTree = "<group>"; };
		CE4E2D131C6D553C0047A7C8 /* 332.png */ = {isa = PBXFileReference; lastKnownFileType = image.png; path = 332.png; sourceTree = "<group>"; };
		CE4E2D141C6D553C0047A7C8 /* 333.png */ = {isa = PBXFileReference; lastKnownFileType = image.png; path = 333.png; sourceTree = "<group>"; };
		CE4E2D151C6D553C0047A7C8 /* 334.png */ = {isa = PBXFileReference; lastKnownFileType = image.png; path = 334.png; sourceTree = "<group>"; };
		CE4E2D161C6D553C0047A7C8 /* 335.png */ = {isa = PBXFileReference; lastKnownFileType = image.png; path = 335.png; sourceTree = "<group>"; };
		CE4E2D171C6D553C0047A7C8 /* 336.png */ = {isa = PBXFileReference; lastKnownFileType = image.png; path = 336.png; sourceTree = "<group>"; };
		CE4E2D181C6D553C0047A7C8 /* 337.png */ = {isa = PBXFileReference; lastKnownFileType = image.png; path = 337.png; sourceTree = "<group>"; };
		CE4E2D191C6D553C0047A7C8 /* 338.png */ = {isa = PBXFileReference; lastKnownFileType = image.png; path = 338.png; sourceTree = "<group>"; };
		CE4E2D1A1C6D553C0047A7C8 /* 339.png */ = {isa = PBXFileReference; lastKnownFileType = image.png; path = 339.png; sourceTree = "<group>"; };
		CE4E2D1B1C6D553C0047A7C8 /* 340.png */ = {isa = PBXFileReference; lastKnownFileType = image.png; path = 340.png; sourceTree = "<group>"; };
		CE4E2D1C1C6D553C0047A7C8 /* 341.png */ = {isa = PBXFileReference; lastKnownFileType = image.png; path = 341.png; sourceTree = "<group>"; };
		CE4E2D1D1C6D553C0047A7C8 /* 342.png */ = {isa = PBXFileReference; lastKnownFileType = image.png; path = 342.png; sourceTree = "<group>"; };
		CE4E2D1E1C6D553C0047A7C8 /* 343.png */ = {isa = PBXFileReference; lastKnownFileType = image.png; path = 343.png; sourceTree = "<group>"; };
		CE4E2D1F1C6D553C0047A7C8 /* 668.png */ = {isa = PBXFileReference; lastKnownFileType = image.png; path = 668.png; sourceTree = "<group>"; };
		CE4E2D201C6D553C0047A7C8 /* 669.png */ = {isa = PBXFileReference; lastKnownFileType = image.png; path = 669.png; sourceTree = "<group>"; };
		CE4E2D211C6D553C0047A7C8 /* 670.png */ = {isa = PBXFileReference; lastKnownFileType = image.png; path = 670.png; sourceTree = "<group>"; };
		CE4E2D221C6D553C0047A7C8 /* 671.png */ = {isa = PBXFileReference; lastKnownFileType = image.png; path = 671.png; sourceTree = "<group>"; };
		CE4E2D231C6D553C0047A7C8 /* 672.png */ = {isa = PBXFileReference; lastKnownFileType = image.png; path = 672.png; sourceTree = "<group>"; };
		CE4E2D241C6D553C0047A7C8 /* 673.png */ = {isa = PBXFileReference; lastKnownFileType = image.png; path = 673.png; sourceTree = "<group>"; };
		CE4E2D251C6D553C0047A7C8 /* 677.png */ = {isa = PBXFileReference; lastKnownFileType = image.png; path = 677.png; sourceTree = "<group>"; };
		CE4E2D261C6D553C0047A7C8 /* 678.png */ = {isa = PBXFileReference; lastKnownFileType = image.png; path = 678.png; sourceTree = "<group>"; };
		CE4E2D271C6D553C0047A7C8 /* 679.png */ = {isa = PBXFileReference; lastKnownFileType = image.png; path = 679.png; sourceTree = "<group>"; };
		CE4E2D281C6D553C0047A7C8 /* 680.png */ = {isa = PBXFileReference; lastKnownFileType = image.png; path = 680.png; sourceTree = "<group>"; };
		CE4E2D291C6D553C0047A7C8 /* 681.png */ = {isa = PBXFileReference; lastKnownFileType = image.png; path = 681.png; sourceTree = "<group>"; };
		CE4E2D2A1C6D553C0047A7C8 /* 682.png */ = {isa = PBXFileReference; lastKnownFileType = image.png; path = 682.png; sourceTree = "<group>"; };
		CE4E2D2B1C6D553C0047A7C8 /* 683.png */ = {isa = PBXFileReference; lastKnownFileType = image.png; path = 683.png; sourceTree = "<group>"; };
		CE4E2D2C1C6D553C0047A7C8 /* 684.png */ = {isa = PBXFileReference; lastKnownFileType = image.png; path = 684.png; sourceTree = "<group>"; };
		CE4E2D2D1C6D553C0047A7C8 /* 685.png */ = {isa = PBXFileReference; lastKnownFileType = image.png; path = 685.png; sourceTree = "<group>"; };
		CE4E2D2E1C6D553C0047A7C8 /* 687.png */ = {isa = PBXFileReference; lastKnownFileType = image.png; path = 687.png; sourceTree = "<group>"; };
		CE4E2D2F1C6D553C0047A7C8 /* data.sqlite */ = {isa = PBXFileReference; lastKnownFileType = file; path = data.sqlite; sourceTree = "<group>"; };
		CE4E2D311C6D553C0047A7C8 /* FMDatabase.h */ = {isa = PBXFileReference; fileEncoding = 4; lastKnownFileType = sourcecode.c.h; path = FMDatabase.h; sourceTree = "<group>"; };
		CE4E2D321C6D553C0047A7C8 /* FMDatabase.m */ = {isa = PBXFileReference; fileEncoding = 4; lastKnownFileType = sourcecode.c.objc; path = FMDatabase.m; sourceTree = "<group>"; };
		CE4E2D331C6D553C0047A7C8 /* FMDatabaseAdditions.h */ = {isa = PBXFileReference; fileEncoding = 4; lastKnownFileType = sourcecode.c.h; path = FMDatabaseAdditions.h; sourceTree = "<group>"; };
		CE4E2D341C6D553C0047A7C8 /* FMDatabaseAdditions.m */ = {isa = PBXFileReference; fileEncoding = 4; lastKnownFileType = sourcecode.c.objc; path = FMDatabaseAdditions.m; sourceTree = "<group>"; };
		CE4E2D351C6D553C0047A7C8 /* FMDatabasePool.h */ = {isa = PBXFileReference; fileEncoding = 4; lastKnownFileType = sourcecode.c.h; path = FMDatabasePool.h; sourceTree = "<group>"; };
		CE4E2D361C6D553C0047A7C8 /* FMDatabasePool.m */ = {isa = PBXFileReference; fileEncoding = 4; lastKnownFileType = sourcecode.c.objc; path = FMDatabasePool.m; sourceTree = "<group>"; };
		CE4E2D371C6D553C0047A7C8 /* FMDatabaseQueue.h */ = {isa = PBXFileReference; fileEncoding = 4; lastKnownFileType = sourcecode.c.h; path = FMDatabaseQueue.h; sourceTree = "<group>"; };
		CE4E2D381C6D553C0047A7C8 /* FMDatabaseQueue.m */ = {isa = PBXFileReference; fileEncoding = 4; lastKnownFileType = sourcecode.c.objc; path = FMDatabaseQueue.m; sourceTree = "<group>"; };
		CE4E2D391C6D553C0047A7C8 /* FMResultSet.h */ = {isa = PBXFileReference; fileEncoding = 4; lastKnownFileType = sourcecode.c.h; path = FMResultSet.h; sourceTree = "<group>"; };
		CE4E2D3A1C6D553C0047A7C8 /* FMResultSet.m */ = {isa = PBXFileReference; fileEncoding = 4; lastKnownFileType = sourcecode.c.objc; path = FMResultSet.m; sourceTree = "<group>"; };
		CE4E2DDE1C6DBE260047A7C8 /* SelectModelView.h */ = {isa = PBXFileReference; fileEncoding = 4; lastKnownFileType = sourcecode.c.h; path = SelectModelView.h; sourceTree = "<group>"; };
		CE4E2DDF1C6DBE260047A7C8 /* SelectModelView.m */ = {isa = PBXFileReference; fileEncoding = 4; lastKnownFileType = sourcecode.c.objc; path = SelectModelView.m; sourceTree = "<group>"; };
		CEA440E11C7171E500529A88 /* WebViewController.h */ = {isa = PBXFileReference; fileEncoding = 4; lastKnownFileType = sourcecode.c.h; path = WebViewController.h; sourceTree = "<group>"; };
		CEA440E21C7171E500529A88 /* WebViewController.m */ = {isa = PBXFileReference; fileEncoding = 4; lastKnownFileType = sourcecode.c.objc; path = WebViewController.m; sourceTree = "<group>"; };
		CEA440E41C719EAA00529A88 /* SubjectTwoViewController.h */ = {isa = PBXFileReference; fileEncoding = 4; lastKnownFileType = sourcecode.c.h; path = SubjectTwoViewController.h; sourceTree = "<group>"; };
		CEA440E51C719EAA00529A88 /* SubjectTwoViewController.m */ = {isa = PBXFileReference; fileEncoding = 4; lastKnownFileType = sourcecode.c.objc; path = SubjectTwoViewController.m; sourceTree = "<group>"; };
		CEA440E71C719F8B00529A88 /* subject.png */ = {isa = PBXFileReference; lastKnownFileType = image.png; path = subject.png; sourceTree = "<group>"; };
		CEA440EB1C71A02300529A88 /* SubjectTwoTableViewCell.h */ = {isa = PBXFileReference; fileEncoding = 4; lastKnownFileType = sourcecode.c.h; path = SubjectTwoTableViewCell.h; sourceTree = "<group>"; };
		CEA440EC1C71A02300529A88 /* SubjectTwoTableViewCell.m */ = {isa = PBXFileReference; fileEncoding = 4; lastKnownFileType = sourcecode.c.objc; path = SubjectTwoTableViewCell.m; sourceTree = "<group>"; };
		CEA440ED1C71A02300529A88 /* SubjectTwoTableViewCell.xib */ = {isa = PBXFileReference; fileEncoding = 4; lastKnownFileType = file.xib; path = SubjectTwoTableViewCell.xib; sourceTree = "<group>"; };
		CEC494201C6C176700FE4963 /* SelectVehicleView.h */ = {isa = PBXFileReference; fileEncoding = 4; lastKnownFileType = sourcecode.c.h; path = SelectVehicleView.h; sourceTree = "<group>"; };
		CEC494211C6C176700FE4963 /* SelectVehicleView.m */ = {isa = PBXFileReference; fileEncoding = 4; lastKnownFileType = sourcecode.c.objc; path = SelectVehicleView.m; sourceTree = "<group>"; };
		CEC494241C6C336200FE4963 /* FirstViewController.h */ = {isa = PBXFileReference; fileEncoding = 4; lastKnownFileType = sourcecode.c.h; path = FirstViewController.h; sourceTree = "<group>"; };
		CEC494251C6C336200FE4963 /* FirstViewController.m */ = {isa = PBXFileReference; fileEncoding = 4; lastKnownFileType = sourcecode.c.objc; path = FirstViewController.m; sourceTree = "<group>"; };
		CEC4942A1C6C382200FE4963 /* FirstTableViewCell.h */ = {isa = PBXFileReference; fileEncoding = 4; lastKnownFileType = sourcecode.c.h; path = FirstTableViewCell.h; sourceTree = "<group>"; };
		CEC4942B1C6C382200FE4963 /* FirstTableViewCell.m */ = {isa = PBXFileReference; fileEncoding = 4; lastKnownFileType = sourcecode.c.objc; path = FirstTableViewCell.m; sourceTree = "<group>"; };
		CEC4942C1C6C382200FE4963 /* FirstTableViewCell.xib */ = {isa = PBXFileReference; fileEncoding = 4; lastKnownFileType = file.xib; path = FirstTableViewCell.xib; sourceTree = "<group>"; };
		CEC4942F1C6C534A00FE4963 /* TestSelectViewController.h */ = {isa = PBXFileReference; fileEncoding = 4; lastKnownFileType = sourcecode.c.h; path = TestSelectViewController.h; sourceTree = "<group>"; };
		CEC494301C6C534A00FE4963 /* TestSelectViewController.m */ = {isa = PBXFileReference; fileEncoding = 4; lastKnownFileType = sourcecode.c.objc; path = TestSelectViewController.m; sourceTree = "<group>"; };
		CEC494321C6C563300FE4963 /* TestSelectTableViewCell.h */ = {isa = PBXFileReference; fileEncoding = 4; lastKnownFileType = sourcecode.c.h; path = TestSelectTableViewCell.h; sourceTree = "<group>"; };
		CEC494331C6C563300FE4963 /* TestSelectTableViewCell.m */ = {isa = PBXFileReference; fileEncoding = 4; lastKnownFileType = sourcecode.c.objc; path = TestSelectTableViewCell.m; sourceTree = "<group>"; };
		CEC494341C6C563300FE4963 /* TestSelectTableViewCell.xib */ = {isa = PBXFileReference; fileEncoding = 4; lastKnownFileType = file.xib; path = TestSelectTableViewCell.xib; sourceTree = "<group>"; };
		CEC494371C6C634C00FE4963 /* libsqlite3.tbd */ = {isa = PBXFileReference; lastKnownFileType = "sourcecode.text-based-dylib-definition"; name = libsqlite3.tbd; path = usr/lib/libsqlite3.tbd; sourceTree = SDKROOT; };
		CEC495871C6C651800FE4963 /* MyDataManager.h */ = {isa = PBXFileReference; fileEncoding = 4; lastKnownFileType = sourcecode.c.h; path = MyDataManager.h; sourceTree = "<group>"; };
		CEC495881C6C651800FE4963 /* MyDataManager.m */ = {isa = PBXFileReference; fileEncoding = 4; lastKnownFileType = sourcecode.c.objc; path = MyDataManager.m; sourceTree = "<group>"; };
		CEC4958B1C6C695D00FE4963 /* TestSelectModel.h */ = {isa = PBXFileReference; fileEncoding = 4; lastKnownFileType = sourcecode.c.h; path = TestSelectModel.h; sourceTree = "<group>"; };
		CEC4958C1C6C695D00FE4963 /* TestSelectModel.m */ = {isa = PBXFileReference; fileEncoding = 4; lastKnownFileType = sourcecode.c.objc; path = TestSelectModel.m; sourceTree = "<group>"; };
		CEC4958F1C6C71C500FE4963 /* AnswerView.h */ = {isa = PBXFileReference; fileEncoding = 4; lastKnownFileType = sourcecode.c.h; path = AnswerView.h; sourceTree = "<group>"; };
		CEC495901C6C71C500FE4963 /* AnswerView.m */ = {isa = PBXFileReference; fileEncoding = 4; lastKnownFileType = sourcecode.c.objc; path = AnswerView.m; sourceTree = "<group>"; };
		CEC495951C6C777000FE4963 /* AnswerTableViewCell.h */ = {isa = PBXFileReference; fileEncoding = 4; lastKnownFileType = sourcecode.c.h; path = AnswerTableViewCell.h; sourceTree = "<group>"; };
		CEC495961C6C777000FE4963 /* AnswerTableViewCell.m */ = {isa = PBXFileReference; fileEncoding = 4; lastKnownFileType = sourcecode.c.objc; path = AnswerTableViewCell.m; sourceTree = "<group>"; };
		CEC495971C6C777000FE4963 /* AnswerTableViewCell.xib */ = {isa = PBXFileReference; fileEncoding = 4; lastKnownFileType = file.xib; path = AnswerTableViewCell.xib; sourceTree = "<group>"; };
		CEC4959A1C6C807100FE4963 /* AnswerViewController.h */ = {isa = PBXFileReference; fileEncoding = 4; lastKnownFileType = sourcecode.c.h; path = AnswerViewController.h; sourceTree = "<group>"; };
		CEC4959B1C6C807100FE4963 /* AnswerViewController.m */ = {isa = PBXFileReference; fileEncoding = 4; lastKnownFileType = sourcecode.c.objc; path = AnswerViewController.m; sourceTree = "<group>"; };
		CEC4959D1C6C885300FE4963 /* AnswerModel.h */ = {isa = PBXFileReference; fileEncoding = 4; lastKnownFileType = sourcecode.c.h; path = AnswerModel.h; sourceTree = "<group>"; };
		CEC4959E1C6C885300FE4963 /* AnswerModel.m */ = {isa = PBXFileReference; fileEncoding = 4; lastKnownFileType = sourcecode.c.objc; path = AnswerModel.m; sourceTree = "<group>"; };
		CEC495A01C6C8C6100FE4963 /* Tools.h */ = {isa = PBXFileReference; fileEncoding = 4; lastKnownFileType = sourcecode.c.h; path = Tools.h; sourceTree = "<group>"; };
		CEC495A11C6C8C6100FE4963 /* Tools.m */ = {isa = PBXFileReference; fileEncoding = 4; lastKnownFileType = sourcecode.c.objc; path = Tools.m; sourceTree = "<group>"; };
		CECCCEB21C72F3F40041E283 /* shipin.mp4 */ = {isa = PBXFileReference; lastKnownFileType = file; path = shipin.mp4; sourceTree = "<group>"; };
		CECDED3F1C5F3E47003C74E7 /* StudyDrive.app */ = {isa = PBXFileReference; explicitFileType = wrapper.application; includeInIndex = 0; path = StudyDrive.app; sourceTree = BUILT_PRODUCTS_DIR; };
		CECDED431C5F3E47003C74E7 /* main.m */ = {isa = PBXFileReference; lastKnownFileType = sourcecode.c.objc; path = main.m; sourceTree = "<group>"; };
		CECDED451C5F3E48003C74E7 /* AppDelegate.h */ = {isa = PBXFileReference; lastKnownFileType = sourcecode.c.h; path = AppDelegate.h; sourceTree = "<group>"; };
		CECDED461C5F3E48003C74E7 /* AppDelegate.m */ = {isa = PBXFileReference; lastKnownFileType = sourcecode.c.objc; path = AppDelegate.m; sourceTree = "<group>"; };
		CECDED481C5F3E48003C74E7 /* ViewController.h */ = {isa = PBXFileReference; lastKnownFileType = sourcecode.c.h; path = ViewController.h; sourceTree = "<group>"; };
		CECDED491C5F3E48003C74E7 /* ViewController.m */ = {isa = PBXFileReference; lastKnownFileType = sourcecode.c.objc; path = ViewController.m; sourceTree = "<group>"; };
		CECDED4C1C5F3E48003C74E7 /* Base */ = {isa = PBXFileReference; lastKnownFileType = file.storyboard; name = Base; path = Base.lproj/Main.storyboard; sourceTree = "<group>"; };
		CECDED4E1C5F3E48003C74E7 /* Assets.xcassets */ = {isa = PBXFileReference; lastKnownFileType = folder.assetcatalog; path = Assets.xcassets; sourceTree = "<group>"; };
		CECDED511C5F3E48003C74E7 /* Base */ = {isa = PBXFileReference; lastKnownFileType = file.storyboard; name = Base; path = Base.lproj/LaunchScreen.storyboard; sourceTree = "<group>"; };
		CECDED531C5F3E48003C74E7 /* Info.plist */ = {isa = PBXFileReference; lastKnownFileType = text.plist.xml; path = Info.plist; sourceTree = "<group>"; };
		CEF3CBB31C700D2E005F5B59 /* SeetView.h */ = {isa = PBXFileReference; fileEncoding = 4; lastKnownFileType = sourcecode.c.h; path = SeetView.h; sourceTree = "<group>"; };
		CEF3CBB41C700D2E005F5B59 /* SeetView.m */ = {isa = PBXFileReference; fileEncoding = 4; lastKnownFileType = sourcecode.c.objc; path = SeetView.m; sourceTree = "<group>"; };
		CEF3CBB61C705B93005F5B59 /* SubChapterModel.h */ = {isa = PBXFileReference; fileEncoding = 4; lastKnownFileType = sourcecode.c.h; path = SubChapterModel.h; sourceTree = "<group>"; };
		CEF3CBB71C705B93005F5B59 /* SubChapterModel.m */ = {isa = PBXFileReference; fileEncoding = 4; lastKnownFileType = sourcecode.c.objc; path = SubChapterModel.m; sourceTree = "<group>"; };
		CEF3CBBE1C70709F005F5B59 /* MainTestViewController.h */ = {isa = PBXFileReference; fileEncoding = 4; lastKnownFileType = sourcecode.c.h; path = MainTestViewController.h; sourceTree = "<group>"; };
		CEF3CBBF1C70709F005F5B59 /* MainTestViewController.m */ = {isa = PBXFileReference; fileEncoding = 4; lastKnownFileType = sourcecode.c.objc; path = MainTestViewController.m; sourceTree = "<group>"; };
		CEF3CBC01C70709F005F5B59 /* MainTestViewController.xib */ = {isa = PBXFileReference; fileEncoding = 4; lastKnownFileType = file.xib; path = MainTestViewController.xib; sourceTree = "<group>"; };
/* End PBXFileReference section */

/* Begin PBXFrameworksBuildPhase section */
		CECDED3C1C5F3E47003C74E7 /* Frameworks */ = {
			isa = PBXFrameworksBuildPhase;
			buildActionMask = 2147483647;
			files = (
				CEC494381C6C634C00FE4963 /* libsqlite3.tbd in Frameworks */,
			);
			runOnlyForDeploymentPostprocessing = 0;
		};
/* End PBXFrameworksBuildPhase section */

/* Begin PBXGroup section */
		CE4E2C911C6D553C0047A7C8 /* 320_480 */ = {
			isa = PBXGroup;
			children = (
				CE4E2C921C6D553C0047A7C8 /* 203.png */,
				CE4E2C931C6D553C0047A7C8 /* 204.png */,
				CE4E2C941C6D553C0047A7C8 /* 205.png */,
				CE4E2C951C6D553C0047A7C8 /* 206.png */,
				CE4E2C961C6D553C0047A7C8 /* 207.png */,
				CE4E2C971C6D553C0047A7C8 /* 208.png */,
				CE4E2C981C6D553C0047A7C8 /* 209.png */,
				CE4E2C991C6D553C0047A7C8 /* 210.png */,
				CE4E2C9A1C6D553C0047A7C8 /* 211.png */,
				CE4E2C9B1C6D553C0047A7C8 /* 212.png */,
				CE4E2C9C1C6D553C0047A7C8 /* 213.png */,
				CE4E2C9D1C6D553C0047A7C8 /* 214.png */,
				CE4E2C9E1C6D553C0047A7C8 /* 215.png */,
				CE4E2C9F1C6D553C0047A7C8 /* 216.png */,
				CE4E2CA01C6D553C0047A7C8 /* 217.png */,
				CE4E2CA11C6D553C0047A7C8 /* 218.png */,
				CE4E2CA21C6D553C0047A7C8 /* 219.png */,
				CE4E2CA31C6D553C0047A7C8 /* 220.png */,
				CE4E2CA41C6D553C0047A7C8 /* 221.png */,
				CE4E2CA51C6D553C0047A7C8 /* 222.png */,
				CE4E2CA61C6D553C0047A7C8 /* 223.png */,
				CE4E2CA71C6D553C0047A7C8 /* 224.png */,
				CE4E2CA81C6D553C0047A7C8 /* 225.png */,
				CE4E2CA91C6D553C0047A7C8 /* 226.png */,
				CE4E2CAA1C6D553C0047A7C8 /* 227.png */,
				CE4E2CAB1C6D553C0047A7C8 /* 228.png */,
				CE4E2CAC1C6D553C0047A7C8 /* 229.png */,
				CE4E2CAD1C6D553C0047A7C8 /* 230.png */,
				CE4E2CAE1C6D553C0047A7C8 /* 231.png */,
				CE4E2CAF1C6D553C0047A7C8 /* 232.png */,
				CE4E2CB01C6D553C0047A7C8 /* 233.png */,
				CE4E2CB11C6D553C0047A7C8 /* 234.png */,
				CE4E2CB21C6D553C0047A7C8 /* 235.png */,
				CE4E2CB31C6D553C0047A7C8 /* 236.png */,
				CE4E2CB41C6D553C0047A7C8 /* 237.png */,
				CE4E2CB51C6D553C0047A7C8 /* 238.png */,
				CE4E2CB61C6D553C0047A7C8 /* 239.png */,
				CE4E2CB71C6D553C0047A7C8 /* 240.png */,
				CE4E2CB81C6D553C0047A7C8 /* 241.png */,
				CE4E2CB91C6D553C0047A7C8 /* 242.png */,
				CE4E2CBA1C6D553C0047A7C8 /* 243.png */,
				CE4E2CBB1C6D553C0047A7C8 /* 244.png */,
				CE4E2CBC1C6D553C0047A7C8 /* 245.png */,
				CE4E2CBD1C6D553C0047A7C8 /* 246.png */,
				CE4E2CBE1C6D553C0047A7C8 /* 247.png */,
				CE4E2CBF1C6D553C0047A7C8 /* 248.png */,
				CE4E2CC01C6D553C0047A7C8 /* 249.png */,
				CE4E2CC11C6D553C0047A7C8 /* 250.png */,
				CE4E2CC21C6D553C0047A7C8 /* 251.png */,
				CE4E2CC31C6D553C0047A7C8 /* 252.png */,
				CE4E2CC41C6D553C0047A7C8 /* 253.png */,
				CE4E2CC51C6D553C0047A7C8 /* 254.png */,
				CE4E2CC61C6D553C0047A7C8 /* 255.png */,
				CE4E2CC71C6D553C0047A7C8 /* 256.png */,
				CE4E2CC81C6D553C0047A7C8 /* 257.png */,
				CE4E2CC91C6D553C0047A7C8 /* 258.png */,
				CE4E2CCA1C6D553C0047A7C8 /* 259.png */,
				CE4E2CCB1C6D553C0047A7C8 /* 260.png */,
				CE4E2CCC1C6D553C0047A7C8 /* 261.png */,
				CE4E2CCD1C6D553C0047A7C8 /* 262.png */,
				CE4E2CCE1C6D553C0047A7C8 /* 263.png */,
				CE4E2CCF1C6D553C0047A7C8 /* 264.png */,
				CE4E2CD01C6D553C0047A7C8 /* 265.png */,
				CE4E2CD11C6D553C0047A7C8 /* 266.png */,
				CE4E2CD21C6D553C0047A7C8 /* 267.png */,
				CE4E2CD31C6D553C0047A7C8 /* 268.png */,
				CE4E2CD41C6D553C0047A7C8 /* 269.png */,
				CE4E2CD51C6D553C0047A7C8 /* 270.png */,
				CE4E2CD61C6D553C0047A7C8 /* 271.png */,
				CE4E2CD71C6D553C0047A7C8 /* 272.png */,
				CE4E2CD81C6D553C0047A7C8 /* 273.png */,
				CE4E2CD91C6D553C0047A7C8 /* 274.png */,
				CE4E2CDA1C6D553C0047A7C8 /* 275.png */,
				CE4E2CDB1C6D553C0047A7C8 /* 276.png */,
				CE4E2CDC1C6D553C0047A7C8 /* 277.png */,
				CE4E2CDD1C6D553C0047A7C8 /* 278.png */,
				CE4E2CDE1C6D553C0047A7C8 /* 279.png */,
				CE4E2CDF1C6D553C0047A7C8 /* 280.png */,
				CE4E2CE01C6D553C0047A7C8 /* 281.png */,
				CE4E2CE11C6D553C0047A7C8 /* 282.png */,
				CE4E2CE21C6D553C0047A7C8 /* 283.png */,
				CE4E2CE31C6D553C0047A7C8 /* 284.png */,
				CE4E2CE41C6D553C0047A7C8 /* 285.png */,
				CE4E2CE51C6D553C0047A7C8 /* 286.png */,
				CE4E2CE61C6D553C0047A7C8 /* 287.png */,
				CE4E2CE71C6D553C0047A7C8 /* 288.png */,
				CE4E2CE81C6D553C0047A7C8 /* 289.png */,
				CE4E2CE91C6D553C0047A7C8 /* 290.png */,
				CE4E2CEA1C6D553C0047A7C8 /* 291.png */,
				CE4E2CEB1C6D553C0047A7C8 /* 292.png */,
				CE4E2CEC1C6D553C0047A7C8 /* 293.png */,
				CE4E2CED1C6D553C0047A7C8 /* 294.png */,
				CE4E2CEE1C6D553C0047A7C8 /* 295.png */,
				CE4E2CEF1C6D553C0047A7C8 /* 296.png */,
				CE4E2CF01C6D553C0047A7C8 /* 297.png */,
				CE4E2CF11C6D553C0047A7C8 /* 298.png */,
				CE4E2CF21C6D553C0047A7C8 /* 299.png */,
				CE4E2CF31C6D553C0047A7C8 /* 300.png */,
				CE4E2CF41C6D553C0047A7C8 /* 301.png */,
				CE4E2CF51C6D553C0047A7C8 /* 302.png */,
				CE4E2CF61C6D553C0047A7C8 /* 303.png */,
				CE4E2CF71C6D553C0047A7C8 /* 304.png */,
				CE4E2CF81C6D553C0047A7C8 /* 305.png */,
				CE4E2CF91C6D553C0047A7C8 /* 306.png */,
				CE4E2CFA1C6D553C0047A7C8 /* 307.png */,
				CE4E2CFB1C6D553C0047A7C8 /* 308.png */,
				CE4E2CFC1C6D553C0047A7C8 /* 309.png */,
				CE4E2CFD1C6D553C0047A7C8 /* 310.png */,
				CE4E2CFE1C6D553C0047A7C8 /* 311.png */,
				CE4E2CFF1C6D553C0047A7C8 /* 312.png */,
				CE4E2D001C6D553C0047A7C8 /* 313.png */,
				CE4E2D011C6D553C0047A7C8 /* 314.png */,
				CE4E2D021C6D553C0047A7C8 /* 315.png */,
				CE4E2D031C6D553C0047A7C8 /* 316.png */,
				CE4E2D041C6D553C0047A7C8 /* 317.png */,
				CE4E2D051C6D553C0047A7C8 /* 318.png */,
				CE4E2D061C6D553C0047A7C8 /* 319.png */,
				CE4E2D071C6D553C0047A7C8 /* 320.png */,
				CE4E2D081C6D553C0047A7C8 /* 321.png */,
				CE4E2D091C6D553C0047A7C8 /* 322.png */,
				CE4E2D0A1C6D553C0047A7C8 /* 323.png */,
				CE4E2D0B1C6D553C0047A7C8 /* 324.png */,
				CE4E2D0C1C6D553C0047A7C8 /* 325.png */,
				CE4E2D0D1C6D553C0047A7C8 /* 326.png */,
				CE4E2D0E1C6D553C0047A7C8 /* 327.png */,
				CE4E2D0F1C6D553C0047A7C8 /* 328.png */,
				CE4E2D101C6D553C0047A7C8 /* 329.png */,
				CE4E2D111C6D553C0047A7C8 /* 330.png */,
				CE4E2D121C6D553C0047A7C8 /* 331.png */,
				CE4E2D131C6D553C0047A7C8 /* 332.png */,
				CE4E2D141C6D553C0047A7C8 /* 333.png */,
				CE4E2D151C6D553C0047A7C8 /* 334.png */,
				CE4E2D161C6D553C0047A7C8 /* 335.png */,
				CE4E2D171C6D553C0047A7C8 /* 336.png */,
				CE4E2D181C6D553C0047A7C8 /* 337.png */,
				CE4E2D191C6D553C0047A7C8 /* 338.png */,
				CE4E2D1A1C6D553C0047A7C8 /* 339.png */,
				CE4E2D1B1C6D553C0047A7C8 /* 340.png */,
				CE4E2D1C1C6D553C0047A7C8 /* 341.png */,
				CE4E2D1D1C6D553C0047A7C8 /* 342.png */,
				CE4E2D1E1C6D553C0047A7C8 /* 343.png */,
				CE4E2D1F1C6D553C0047A7C8 /* 668.png */,
				CE4E2D201C6D553C0047A7C8 /* 669.png */,
				CE4E2D211C6D553C0047A7C8 /* 670.png */,
				CE4E2D221C6D553C0047A7C8 /* 671.png */,
				CE4E2D231C6D553C0047A7C8 /* 672.png */,
				CE4E2D241C6D553C0047A7C8 /* 673.png */,
				CE4E2D251C6D553C0047A7C8 /* 677.png */,
				CE4E2D261C6D553C0047A7C8 /* 678.png */,
				CE4E2D271C6D553C0047A7C8 /* 679.png */,
				CE4E2D281C6D553C0047A7C8 /* 680.png */,
				CE4E2D291C6D553C0047A7C8 /* 681.png */,
				CE4E2D2A1C6D553C0047A7C8 /* 682.png */,
				CE4E2D2B1C6D553C0047A7C8 /* 683.png */,
				CE4E2D2C1C6D553C0047A7C8 /* 684.png */,
				CE4E2D2D1C6D553C0047A7C8 /* 685.png */,
				CE4E2D2E1C6D553C0047A7C8 /* 687.png */,
			);
			path = 320_480;
			sourceTree = "<group>";
		};
		CE4E2D301C6D553C0047A7C8 /* fmdb */ = {
			isa = PBXGroup;
			children = (
				CE4E2D311C6D553C0047A7C8 /* FMDatabase.h */,
				CE4E2D321C6D553C0047A7C8 /* FMDatabase.m */,
				CE4E2D331C6D553C0047A7C8 /* FMDatabaseAdditions.h */,
				CE4E2D341C6D553C0047A7C8 /* FMDatabaseAdditions.m */,
				CE4E2D351C6D553C0047A7C8 /* FMDatabasePool.h */,
				CE4E2D361C6D553C0047A7C8 /* FMDatabasePool.m */,
				CE4E2D371C6D553C0047A7C8 /* FMDatabaseQueue.h */,
				CE4E2D381C6D553C0047A7C8 /* FMDatabaseQueue.m */,
				CE4E2D391C6D553C0047A7C8 /* FMResultSet.h */,
				CE4E2D3A1C6D553C0047A7C8 /* FMResultSet.m */,
			);
			path = fmdb;
			sourceTree = "<group>";
		};
		CEC494231C6C2CAF00FE4963 /* Controllers */ = {
			isa = PBXGroup;
			children = (
				CEC494241C6C336200FE4963 /* FirstViewController.h */,
				CEC494251C6C336200FE4963 /* FirstViewController.m */,
				CEC4942F1C6C534A00FE4963 /* TestSelectViewController.h */,
				CEC494301C6C534A00FE4963 /* TestSelectViewController.m */,
				CEC4959A1C6C807100FE4963 /* AnswerViewController.h */,
				CEC4959B1C6C807100FE4963 /* AnswerViewController.m */,
				CEF3CBBE1C70709F005F5B59 /* MainTestViewController.h */,
				CEF3CBBF1C70709F005F5B59 /* MainTestViewController.m */,
				CEF3CBC01C70709F005F5B59 /* MainTestViewController.xib */,
				CEA440E11C7171E500529A88 /* WebViewController.h */,
				CEA440E21C7171E500529A88 /* WebViewController.m */,
				CEA440E41C719EAA00529A88 /* SubjectTwoViewController.h */,
				CEA440E51C719EAA00529A88 /* SubjectTwoViewController.m */,
			);
			name = Controllers;
			sourceTree = "<group>";
		};
		CEC494291C6C37F300FE4963 /* Cell */ = {
			isa = PBXGroup;
			children = (
				CEC4942A1C6C382200FE4963 /* FirstTableViewCell.h */,
				CEC4942B1C6C382200FE4963 /* FirstTableViewCell.m */,
				CEC4942C1C6C382200FE4963 /* FirstTableViewCell.xib */,
				CEC494321C6C563300FE4963 /* TestSelectTableViewCell.h */,
				CEC494331C6C563300FE4963 /* TestSelectTableViewCell.m */,
				CEC494341C6C563300FE4963 /* TestSelectTableViewCell.xib */,
				CEC495951C6C777000FE4963 /* AnswerTableViewCell.h */,
				CEC495961C6C777000FE4963 /* AnswerTableViewCell.m */,
				CEC495971C6C777000FE4963 /* AnswerTableViewCell.xib */,
				CEA440EB1C71A02300529A88 /* SubjectTwoTableViewCell.h */,
				CEA440EC1C71A02300529A88 /* SubjectTwoTableViewCell.m */,
				CEA440ED1C71A02300529A88 /* SubjectTwoTableViewCell.xib */,
			);
			name = Cell;
			sourceTree = "<group>";
		};
		CEC494391C6C63E900FE4963 /* libs */ = {
			isa = PBXGroup;
			children = (
				CE4E2C911C6D553C0047A7C8 /* 320_480 */,
				CE4E2D2F1C6D553C0047A7C8 /* data.sqlite */,
				CE4E2D301C6D553C0047A7C8 /* fmdb */,
				CEC495871C6C651800FE4963 /* MyDataManager.h */,
				CEC495881C6C651800FE4963 /* MyDataManager.m */,
			);
			name = libs;
			sourceTree = "<group>";
		};
		CEC4958A1C6C693F00FE4963 /* model */ = {
			isa = PBXGroup;
			children = (
				CEC4958B1C6C695D00FE4963 /* TestSelectModel.h */,
				CEC4958C1C6C695D00FE4963 /* TestSelectModel.m */,
				CEC4959D1C6C885300FE4963 /* AnswerModel.h */,
				CEC4959E1C6C885300FE4963 /* AnswerModel.m */,
				CEF3CBB61C705B93005F5B59 /* SubChapterModel.h */,
				CEF3CBB71C705B93005F5B59 /* SubChapterModel.m */,
			);
			name = model;
			sourceTree = "<group>";
		};
		CEC4958E1C6C71A400FE4963 /* View */ = {
			isa = PBXGroup;
			children = (
				CEC494201C6C176700FE4963 /* SelectVehicleView.h */,
				CEC494211C6C176700FE4963 /* SelectVehicleView.m */,
				CEC4958F1C6C71C500FE4963 /* AnswerView.h */,
				CEC495901C6C71C500FE4963 /* AnswerView.m */,
				CE4E2DDE1C6DBE260047A7C8 /* SelectModelView.h */,
				CE4E2DDF1C6DBE260047A7C8 /* SelectModelView.m */,
				CEF3CBB31C700D2E005F5B59 /* SeetView.h */,
				CEF3CBB41C700D2E005F5B59 /* SeetView.m */,
			);
			name = View;
			sourceTree = "<group>";
		};
		CECDED361C5F3E47003C74E7 = {
			isa = PBXGroup;
			children = (
				CECCCEB21C72F3F40041E283 /* shipin.mp4 */,
				CEC494371C6C634C00FE4963 /* libsqlite3.tbd */,
				CEA440E71C719F8B00529A88 /* subject.png */,
				CECDED411C5F3E47003C74E7 /* StudyDrive */,
				CECDED401C5F3E47003C74E7 /* Products */,
			);
			sourceTree = "<group>";
		};
		CECDED401C5F3E47003C74E7 /* Products */ = {
			isa = PBXGroup;
			children = (
				CECDED3F1C5F3E47003C74E7 /* StudyDrive.app */,
			);
			name = Products;
			sourceTree = "<group>";
		};
		CECDED411C5F3E47003C74E7 /* StudyDrive */ = {
			isa = PBXGroup;
			children = (
				CEC4958E1C6C71A400FE4963 /* View */,
				CEC4958A1C6C693F00FE4963 /* model */,
				CEC494391C6C63E900FE4963 /* libs */,
				CEC494291C6C37F300FE4963 /* Cell */,
				CEC494231C6C2CAF00FE4963 /* Controllers */,
				CECDED451C5F3E48003C74E7 /* AppDelegate.h */,
				CECDED461C5F3E48003C74E7 /* AppDelegate.m */,
				CECDED481C5F3E48003C74E7 /* ViewController.h */,
				CECDED491C5F3E48003C74E7 /* ViewController.m */,
				CEC495A01C6C8C6100FE4963 /* Tools.h */,
				CEC495A11C6C8C6100FE4963 /* Tools.m */,
				CECDED4B1C5F3E48003C74E7 /* Main.storyboard */,
				CECDED4E1C5F3E48003C74E7 /* Assets.xcassets */,
				CECDED501C5F3E48003C74E7 /* LaunchScreen.storyboard */,
				CECDED531C5F3E48003C74E7 /* Info.plist */,
				CECDED421C5F3E47003C74E7 /* Supporting Files */,
			);
			path = StudyDrive;
			sourceTree = "<group>";
		};
		CECDED421C5F3E47003C74E7 /* Supporting Files */ = {
			isa = PBXGroup;
			children = (
				CECDED431C5F3E47003C74E7 /* main.m */,
			);
			name = "Supporting Files";
			sourceTree = "<group>";
		};
/* End PBXGroup section */

/* Begin PBXNativeTarget section */
		CECDED3E1C5F3E47003C74E7 /* StudyDrive */ = {
			isa = PBXNativeTarget;
			buildConfigurationList = CECDED561C5F3E48003C74E7 /* Build configuration list for PBXNativeTarget "StudyDrive" */;
			buildPhases = (
				CECDED3B1C5F3E47003C74E7 /* Sources */,
				CECDED3C1C5F3E47003C74E7 /* Frameworks */,
				CECDED3D1C5F3E47003C74E7 /* Resources */,
			);
			buildRules = (
			);
			dependencies = (
			);
			name = StudyDrive;
			productName = StudyDrive;
			productReference = CECDED3F1C5F3E47003C74E7 /* StudyDrive.app */;
			productType = "com.apple.product-type.application";
		};
/* End PBXNativeTarget section */

/* Begin PBXProject section */
		CECDED371C5F3E47003C74E7 /* Project object */ = {
			isa = PBXProject;
			attributes = {
				LastUpgradeCheck = 0720;
				ORGANIZATIONNAME = xiaoyipeng;
				TargetAttributes = {
					CECDED3E1C5F3E47003C74E7 = {
						CreatedOnToolsVersion = 7.2;
						DevelopmentTeam = 3F97CAK27B;
					};
				};
			};
			buildConfigurationList = CECDED3A1C5F3E47003C74E7 /* Build configuration list for PBXProject "StudyDrive" */;
			compatibilityVersion = "Xcode 3.2";
			developmentRegion = English;
			hasScannedForEncodings = 0;
			knownRegions = (
				en,
				Base,
			);
			mainGroup = CECDED361C5F3E47003C74E7;
			productRefGroup = CECDED401C5F3E47003C74E7 /* Products */;
			projectDirPath = "";
			projectRoot = "";
			targets = (
				CECDED3E1C5F3E47003C74E7 /* StudyDrive */,
			);
		};
/* End PBXProject section */

/* Begin PBXResourcesBuildPhase section */
		CECDED3D1C5F3E47003C74E7 /* Resources */ = {
			isa = PBXResourcesBuildPhase;
			buildActionMask = 2147483647;
			files = (
				CE4E2DD01C6D553C0047A7C8 /* 679.png in Resources */,
				CE4E2DB51C6D553C0047A7C8 /* 325.png in Resources */,
				CE4E2D971C6D553C0047A7C8 /* 295.png in Resources */,
				CE4E2D8A1C6D553C0047A7C8 /* 282.png in Resources */,
				CE4E2D5F1C6D553C0047A7C8 /* 239.png in Resources */,
				CE4E2D771C6D553C0047A7C8 /* 263.png in Resources */,
				CE4E2D401C6D553C0047A7C8 /* 208.png in Resources */,
				CE4E2DC01C6D553C0047A7C8 /* 336.png in Resources */,
				CE4E2DA41C6D553C0047A7C8 /* 308.png in Resources */,
				CE4E2DAF1C6D553C0047A7C8 /* 319.png in Resources */,
				CE4E2DC51C6D553C0047A7C8 /* 341.png in Resources */,
				CE4E2D791C6D553C0047A7C8 /* 265.png in Resources */,
				CE4E2D5D1C6D553C0047A7C8 /* 237.png in Resources */,
				CE4E2D611C6D553C0047A7C8 /* 241.png in Resources */,
				CE4E2D6F1C6D553C0047A7C8 /* 255.png in Resources */,
				CE4E2DD31C6D553C0047A7C8 /* 682.png in Resources */,
				CE4E2D781C6D553C0047A7C8 /* 264.png in Resources */,
				CE4E2D3D1C6D553C0047A7C8 /* 205.png in Resources */,
				CE4E2D3C1C6D553C0047A7C8 /* 204.png in Resources */,
				CE4E2DB81C6D553C0047A7C8 /* 328.png in Resources */,
				CE4E2D9D1C6D553C0047A7C8 /* 301.png in Resources */,
				CE4E2DC21C6D553C0047A7C8 /* 338.png in Resources */,
				CE4E2DB21C6D553C0047A7C8 /* 322.png in Resources */,
				CE4E2D461C6D553C0047A7C8 /* 214.png in Resources */,
				CE4E2D3B1C6D553C0047A7C8 /* 203.png in Resources */,
				CE4E2DCB1C6D553C0047A7C8 /* 671.png in Resources */,
				CE4E2D881C6D553C0047A7C8 /* 280.png in Resources */,
				CE4E2DD41C6D553C0047A7C8 /* 683.png in Resources */,
				CE4E2DB41C6D553C0047A7C8 /* 324.png in Resources */,
				CE4E2D9F1C6D553C0047A7C8 /* 303.png in Resources */,
				CE4E2DA61C6D553C0047A7C8 /* 310.png in Resources */,
				CE4E2DA21C6D553C0047A7C8 /* 306.png in Resources */,
				CE4E2D851C6D553C0047A7C8 /* 277.png in Resources */,
				CE4E2DC11C6D553C0047A7C8 /* 337.png in Resources */,
				CE4E2D7F1C6D553C0047A7C8 /* 271.png in Resources */,
				CE4E2D5C1C6D553C0047A7C8 /* 236.png in Resources */,
				CE4E2DA31C6D553C0047A7C8 /* 307.png in Resources */,
				CE4E2DAA1C6D553C0047A7C8 /* 314.png in Resources */,
				CE4E2D861C6D553C0047A7C8 /* 278.png in Resources */,
				CE4E2D931C6D553C0047A7C8 /* 291.png in Resources */,
				CEC4942E1C6C382200FE4963 /* FirstTableViewCell.xib in Resources */,
				CE4E2DD51C6D553C0047A7C8 /* 684.png in Resources */,
				CEF3CBC21C70709F005F5B59 /* MainTestViewController.xib in Resources */,
				CE4E2D8F1C6D553C0047A7C8 /* 287.png in Resources */,
				CE4E2DC91C6D553C0047A7C8 /* 669.png in Resources */,
				CE4E2D5B1C6D553C0047A7C8 /* 235.png in Resources */,
				CE4E2D7B1C6D553C0047A7C8 /* 267.png in Resources */,
				CE4E2DBB1C6D553C0047A7C8 /* 331.png in Resources */,
				CE4E2D6C1C6D553C0047A7C8 /* 252.png in Resources */,
				CE4E2D4F1C6D553C0047A7C8 /* 223.png in Resources */,
				CE4E2D7C1C6D553C0047A7C8 /* 268.png in Resources */,
				CE4E2D4E1C6D553C0047A7C8 /* 222.png in Resources */,
				CE4E2DD61C6D553C0047A7C8 /* 685.png in Resources */,
				CE4E2D511C6D553C0047A7C8 /* 225.png in Resources */,
				CE4E2DAE1C6D553C0047A7C8 /* 318.png in Resources */,
				CE4E2DA71C6D553C0047A7C8 /* 311.png in Resources */,
				CE4E2DCE1C6D553C0047A7C8 /* 677.png in Resources */,
				CE4E2D581C6D553C0047A7C8 /* 232.png in Resources */,
				CE4E2D901C6D553C0047A7C8 /* 288.png in Resources */,
				CE4E2DC81C6D553C0047A7C8 /* 668.png in Resources */,
				CE4E2D6A1C6D553C0047A7C8 /* 250.png in Resources */,
				CE4E2D741C6D553C0047A7C8 /* 260.png in Resources */,
				CE4E2D751C6D553C0047A7C8 /* 261.png in Resources */,
				CE4E2DC61C6D553C0047A7C8 /* 342.png in Resources */,
				CE4E2DCD1C6D553C0047A7C8 /* 673.png in Resources */,
				CEA440EF1C71A02300529A88 /* SubjectTwoTableViewCell.xib in Resources */,
				CE4E2D4C1C6D553C0047A7C8 /* 220.png in Resources */,
				CE4E2D891C6D553C0047A7C8 /* 281.png in Resources */,
				CE4E2D6D1C6D553C0047A7C8 /* 253.png in Resources */,
				CE4E2DB01C6D553C0047A7C8 /* 320.png in Resources */,
				CE4E2D9B1C6D553C0047A7C8 /* 299.png in Resources */,
				CE4E2D991C6D553C0047A7C8 /* 297.png in Resources */,
				CE4E2DC31C6D553C0047A7C8 /* 339.png in Resources */,
				CE4E2D421C6D553C0047A7C8 /* 210.png in Resources */,
				CE4E2D601C6D553C0047A7C8 /* 240.png in Resources */,
				CE4E2DAD1C6D553C0047A7C8 /* 317.png in Resources */,
				CECCCEB31C72F3F40041E283 /* shipin.mp4 in Resources */,
				CE4E2D5E1C6D553C0047A7C8 /* 238.png in Resources */,
				CE4E2D631C6D553C0047A7C8 /* 243.png in Resources */,
				CE4E2DBE1C6D553C0047A7C8 /* 334.png in Resources */,
				CE4E2D501C6D553C0047A7C8 /* 224.png in Resources */,
				CE4E2D521C6D553C0047A7C8 /* 226.png in Resources */,
				CE4E2D9C1C6D553C0047A7C8 /* 300.png in Resources */,
				CEC494361C6C563300FE4963 /* TestSelectTableViewCell.xib in Resources */,
				CE4E2D811C6D553C0047A7C8 /* 273.png in Resources */,
				CE4E2D411C6D553C0047A7C8 /* 209.png in Resources */,
				CE4E2D571C6D553C0047A7C8 /* 231.png in Resources */,
				CE4E2D911C6D553C0047A7C8 /* 289.png in Resources */,
				CE4E2DD81C6D553C0047A7C8 /* data.sqlite in Resources */,
				CE4E2D951C6D553C0047A7C8 /* 293.png in Resources */,
				CE4E2DAC1C6D553C0047A7C8 /* 316.png in Resources */,
				CE4E2D801C6D553C0047A7C8 /* 272.png in Resources */,
				CE4E2D6B1C6D553C0047A7C8 /* 251.png in Resources */,
				CE4E2D8B1C6D553C0047A7C8 /* 283.png in Resources */,
				CE4E2D621C6D553C0047A7C8 /* 242.png in Resources */,
				CE4E2D9E1C6D553C0047A7C8 /* 302.png in Resources */,
				CECDED521C5F3E48003C74E7 /* LaunchScreen.storyboard in Resources */,
				CE4E2D651C6D553C0047A7C8 /* 245.png in Resources */,
				CE4E2D431C6D553C0047A7C8 /* 211.png in Resources */,
				CE4E2DD11C6D553C0047A7C8 /* 680.png in Resources */,
				CE4E2D871C6D553C0047A7C8 /* 279.png in Resources */,
				CE4E2DCC1C6D553C0047A7C8 /* 672.png in Resources */,
				CE4E2D761C6D553C0047A7C8 /* 262.png in Resources */,
				CE4E2DD71C6D553C0047A7C8 /* 687.png in Resources */,
				CE4E2D821C6D553C0047A7C8 /* 274.png in Resources */,
				CE4E2DB31C6D553C0047A7C8 /* 323.png in Resources */,
				CE4E2D711C6D553C0047A7C8 /* 257.png in Resources */,
				CE4E2D721C6D553C0047A7C8 /* 258.png in Resources */,
				CE4E2DAB1C6D553C0047A7C8 /* 315.png in Resources */,
				CE4E2D3E1C6D553C0047A7C8 /* 206.png in Resources */,
				CE4E2D8C1C6D553C0047A7C8 /* 284.png in Resources */,
				CE4E2D981C6D553C0047A7C8 /* 296.png in Resources */,
				CE4E2D551C6D553C0047A7C8 /* 229.png in Resources */,
				CE4E2D7A1C6D553C0047A7C8 /* 266.png in Resources */,
				CE4E2D491C6D553C0047A7C8 /* 217.png in Resources */,
				CE4E2DCF1C6D553C0047A7C8 /* 678.png in Resources */,
				CE4E2D8E1C6D553C0047A7C8 /* 286.png in Resources */,
				CE4E2D681C6D553C0047A7C8 /* 248.png in Resources */,
				CE4E2D591C6D553C0047A7C8 /* 233.png in Resources */,
				CE4E2D671C6D553C0047A7C8 /* 247.png in Resources */,
				CE4E2DC71C6D553C0047A7C8 /* 343.png in Resources */,
				CE4E2D7D1C6D553C0047A7C8 /* 269.png in Resources */,
				CEC495991C6C777000FE4963 /* AnswerTableViewCell.xib in Resources */,
				CE4E2DA91C6D553C0047A7C8 /* 313.png in Resources */,
				CE4E2DD21C6D553C0047A7C8 /* 681.png in Resources */,
				CE4E2D841C6D553C0047A7C8 /* 276.png in Resources */,
				CE4E2D561C6D553C0047A7C8 /* 230.png in Resources */,
				CE4E2DBD1C6D553C0047A7C8 /* 333.png in Resources */,
				CE4E2DA01C6D553C0047A7C8 /* 304.png in Resources */,
				CE4E2D961C6D553C0047A7C8 /* 294.png in Resources */,
				CE4E2D6E1C6D553C0047A7C8 /* 254.png in Resources */,
				CE4E2D8D1C6D553C0047A7C8 /* 285.png in Resources */,
				CE4E2DB71C6D553C0047A7C8 /* 327.png in Resources */,
				CECDED4F1C5F3E48003C74E7 /* Assets.xcassets in Resources */,
				CE4E2DCA1C6D553C0047A7C8 /* 670.png in Resources */,
				CE4E2D3F1C6D553C0047A7C8 /* 207.png in Resources */,
				CE4E2DA81C6D553C0047A7C8 /* 312.png in Resources */,
				CE4E2D691C6D553C0047A7C8 /* 249.png in Resources */,
				CE4E2DBA1C6D553C0047A7C8 /* 330.png in Resources */,
				CE4E2D641C6D553C0047A7C8 /* 244.png in Resources */,
				CE4E2D541C6D553C0047A7C8 /* 228.png in Resources */,
				CE4E2D451C6D553C0047A7C8 /* 213.png in Resources */,
				CECDED4D1C5F3E48003C74E7 /* Main.storyboard in Resources */,
				CE4E2DBF1C6D553C0047A7C8 /* 335.png in Resources */,
				CE4E2DBC1C6D553C0047A7C8 /* 332.png in Resources */,
				CE4E2D831C6D553C0047A7C8 /* 275.png in Resources */,
				CEA440E91C719F8B00529A88 /* subject.png in Resources */,
				CE4E2DB91C6D553C0047A7C8 /* 329.png in Resources */,
				CE4E2D441C6D553C0047A7C8 /* 212.png in Resources */,
				CE4E2D701C6D553C0047A7C8 /* 256.png in Resources */,
				CE4E2D531C6D553C0047A7C8 /* 227.png in Resources */,
				CE4E2D4A1C6D553C0047A7C8 /* 218.png in Resources */,
				CE4E2D471C6D553C0047A7C8 /* 215.png in Resources */,
				CE4E2DC41C6D553C0047A7C8 /* 340.png in Resources */,
				CE4E2D941C6D553C0047A7C8 /* 292.png in Resources */,
				CE4E2D9A1C6D553C0047A7C8 /* 298.png in Resources */,
				CE4E2DA11C6D553C0047A7C8 /* 305.png in Resources */,
				CE4E2D4D1C6D553C0047A7C8 /* 221.png in Resources */,
				CE4E2DA51C6D553C0047A7C8 /* 309.png in Resources */,
				CE4E2D921C6D553C0047A7C8 /* 290.png in Resources */,
				CE4E2DB11C6D553C0047A7C8 /* 321.png in Resources */,
				CE4E2DB61C6D553C0047A7C8 /* 326.png in Resources */,
				CE4E2D4B1C6D553C0047A7C8 /* 219.png in Resources */,
				CE4E2D481C6D553C0047A7C8 /* 216.png in Resources */,
				CE4E2D731C6D553C0047A7C8 /* 259.png in Resources */,
				CE4E2D661C6D553C0047A7C8 /* 246.png in Resources */,
				CE4E2D5A1C6D553C0047A7C8 /* 234.png in Resources */,
				CE4E2D7E1C6D553C0047A7C8 /* 270.png in Resources */,
			);
			runOnlyForDeploymentPostprocessing = 0;
		};
/* End PBXResourcesBuildPhase section */

/* Begin PBXSourcesBuildPhase section */
		CECDED3B1C5F3E47003C74E7 /* Sources */ = {
			isa = PBXSourcesBuildPhase;
			buildActionMask = 2147483647;
			files = (
				CE4E2DE01C6DBE260047A7C8 /* SelectModelView.m in Sources */,
				CECDED4A1C5F3E48003C74E7 /* ViewController.m in Sources */,
				CEC494221C6C176700FE4963 /* SelectVehicleView.m in Sources */,
				CEA440EE1C71A02300529A88 /* SubjectTwoTableViewCell.m in Sources */,
				CEC495981C6C777000FE4963 /* AnswerTableViewCell.m in Sources */,
				CEC495911C6C71C500FE4963 /* AnswerView.m in Sources */,
				CEF3CBB51C700D2E005F5B59 /* SeetView.m in Sources */,
				CE4E2DDA1C6D553C0047A7C8 /* FMDatabaseAdditions.m in Sources */,
				CEC4942D1C6C382200FE4963 /* FirstTableViewCell.m in Sources */,
				CEC495891C6C651800FE4963 /* MyDataManager.m in Sources */,
				CEF3CBB81C705B93005F5B59 /* SubChapterModel.m in Sources */,
				CEC494311C6C534A00FE4963 /* TestSelectViewController.m in Sources */,
				CEC495A21C6C8C6100FE4963 /* Tools.m in Sources */,
				CEA440E61C719EAA00529A88 /* SubjectTwoViewController.m in Sources */,
				CE4E2DDC1C6D553C0047A7C8 /* FMDatabaseQueue.m in Sources */,
				CEC494271C6C336200FE4963 /* FirstViewController.m in Sources */,
				CEC4959F1C6C885300FE4963 /* AnswerModel.m in Sources */,
				CEF3CBC11C70709F005F5B59 /* MainTestViewController.m in Sources */,
				CECDED471C5F3E48003C74E7 /* AppDelegate.m in Sources */,
				CECDED441C5F3E47003C74E7 /* main.m in Sources */,
				CE4E2DDD1C6D553C0047A7C8 /* FMResultSet.m in Sources */,
				CE4E2DDB1C6D553C0047A7C8 /* FMDatabasePool.m in Sources */,
				CEC494351C6C563300FE4963 /* TestSelectTableViewCell.m in Sources */,
				CEA440E31C7171E500529A88 /* WebViewController.m in Sources */,
				CEC4959C1C6C807100FE4963 /* AnswerViewController.m in Sources */,
				CEC4958D1C6C695D00FE4963 /* TestSelectModel.m in Sources */,
				CE4E2DD91C6D553C0047A7C8 /* FMDatabase.m in Sources */,
			);
			runOnlyForDeploymentPostprocessing = 0;
		};
/* End PBXSourcesBuildPhase section */

/* Begin PBXVariantGroup section */
		CECDED4B1C5F3E48003C74E7 /* Main.storyboard */ = {
			isa = PBXVariantGroup;
			children = (
				CECDED4C1C5F3E48003C74E7 /* Base */,
			);
			name = Main.storyboard;
			sourceTree = "<group>";
		};
		CECDED501C5F3E48003C74E7 /* LaunchScreen.storyboard */ = {
			isa = PBXVariantGroup;
			children = (
				CECDED511C5F3E48003C74E7 /* Base */,
			);
			name = LaunchScreen.storyboard;
			sourceTree = "<group>";
		};
/* End PBXVariantGroup section */

/* Begin XCBuildConfiguration section */
		CECDED541C5F3E48003C74E7 /* Debug */ = {
			isa = XCBuildConfiguration;
			buildSettings = {
				ALWAYS_SEARCH_USER_PATHS = NO;
				CLANG_CXX_LANGUAGE_STANDARD = "gnu++0x";
				CLANG_CXX_LIBRARY = "libc++";
				CLANG_ENABLE_MODULES = YES;
				CLANG_ENABLE_OBJC_ARC = YES;
				CLANG_WARN_BOOL_CONVERSION = YES;
				CLANG_WARN_CONSTANT_CONVERSION = YES;
				CLANG_WARN_DIRECT_OBJC_ISA_USAGE = YES_ERROR;
				CLANG_WARN_EMPTY_BODY = YES;
				CLANG_WARN_ENUM_CONVERSION = YES;
				CLANG_WARN_INT_CONVERSION = YES;
				CLANG_WARN_OBJC_ROOT_CLASS = YES_ERROR;
				CLANG_WARN_UNREACHABLE_CODE = YES;
				CLANG_WARN__DUPLICATE_METHOD_MATCH = YES;
				"CODE_SIGN_IDENTITY[sdk=iphoneos*]" = "iPhone Developer";
				COPY_PHASE_STRIP = NO;
				DEBUG_INFORMATION_FORMAT = dwarf;
				ENABLE_STRICT_OBJC_MSGSEND = YES;
				ENABLE_TESTABILITY = YES;
				GCC_C_LANGUAGE_STANDARD = gnu99;
				GCC_DYNAMIC_NO_PIC = NO;
				GCC_NO_COMMON_BLOCKS = YES;
				GCC_OPTIMIZATION_LEVEL = 0;
				GCC_PREPROCESSOR_DEFINITIONS = (
					"DEBUG=1",
					"$(inherited)",
				);
				GCC_WARN_64_TO_32_BIT_CONVERSION = YES;
				GCC_WARN_ABOUT_RETURN_TYPE = YES_ERROR;
				GCC_WARN_UNDECLARED_SELECTOR = YES;
				GCC_WARN_UNINITIALIZED_AUTOS = YES_AGGRESSIVE;
				GCC_WARN_UNUSED_FUNCTION = YES;
				GCC_WARN_UNUSED_VARIABLE = YES;
				IPHONEOS_DEPLOYMENT_TARGET = 9.2;
				MTL_ENABLE_DEBUG_INFO = YES;
				ONLY_ACTIVE_ARCH = YES;
				SDKROOT = iphoneos;
			};
			name = Debug;
		};
		CECDED551C5F3E48003C74E7 /* Release */ = {
			isa = XCBuildConfiguration;
			buildSettings = {
				ALWAYS_SEARCH_USER_PATHS = NO;
				CLANG_CXX_LANGUAGE_STANDARD = "gnu++0x";
				CLANG_CXX_LIBRARY = "libc++";
				CLANG_ENABLE_MODULES = YES;
				CLANG_ENABLE_OBJC_ARC = YES;
				CLANG_WARN_BOOL_CONVERSION = YES;
				CLANG_WARN_CONSTANT_CONVERSION = YES;
				CLANG_WARN_DIRECT_OBJC_ISA_USAGE = YES_ERROR;
				CLANG_WARN_EMPTY_BODY = YES;
				CLANG_WARN_ENUM_CONVERSION = YES;
				CLANG_WARN_INT_CONVERSION = YES;
				CLANG_WARN_OBJC_ROOT_CLASS = YES_ERROR;
				CLANG_WARN_UNREACHABLE_CODE = YES;
				CLANG_WARN__DUPLICATE_METHOD_MATCH = YES;
				"CODE_SIGN_IDENTITY[sdk=iphoneos*]" = "iPhone Developer";
				COPY_PHASE_STRIP = NO;
				DEBUG_INFORMATION_FORMAT = "dwarf-with-dsym";
				ENABLE_NS_ASSERTIONS = NO;
				ENABLE_STRICT_OBJC_MSGSEND = YES;
				GCC_C_LANGUAGE_STANDARD = gnu99;
				GCC_NO_COMMON_BLOCKS = YES;
				GCC_WARN_64_TO_32_BIT_CONVERSION = YES;
				GCC_WARN_ABOUT_RETURN_TYPE = YES_ERROR;
				GCC_WARN_UNDECLARED_SELECTOR = YES;
				GCC_WARN_UNINITIALIZED_AUTOS = YES_AGGRESSIVE;
				GCC_WARN_UNUSED_FUNCTION = YES;
				GCC_WARN_UNUSED_VARIABLE = YES;
				IPHONEOS_DEPLOYMENT_TARGET = 9.2;
				MTL_ENABLE_DEBUG_INFO = NO;
				SDKROOT = iphoneos;
				VALIDATE_PRODUCT = YES;
			};
			name = Release;
		};
		CECDED571C5F3E48003C74E7 /* Debug */ = {
			isa = XCBuildConfiguration;
			buildSettings = {
				ASSETCATALOG_COMPILER_APPICON_NAME = AppIcon;
				CODE_SIGN_IDENTITY = "iPhone Developer";
				INFOPLIST_FILE = StudyDrive/Info.plist;
				LD_RUNPATH_SEARCH_PATHS = "$(inherited) @executable_path/Frameworks";
				PRODUCT_BUNDLE_IDENTIFIER = com.xiaoyipeng.StudyDrive;
				PRODUCT_NAME = "$(TARGET_NAME)";
			};
			name = Debug;
		};
		CECDED581C5F3E48003C74E7 /* Release */ = {
			isa = XCBuildConfiguration;
			buildSettings = {
				ASSETCATALOG_COMPILER_APPICON_NAME = AppIcon;
				CODE_SIGN_IDENTITY = "iPhone Developer";
				INFOPLIST_FILE = StudyDrive/Info.plist;
				LD_RUNPATH_SEARCH_PATHS = "$(inherited) @executable_path/Frameworks";
				PRODUCT_BUNDLE_IDENTIFIER = com.xiaoyipeng.StudyDrive;
				PRODUCT_NAME = "$(TARGET_NAME)";
			};
			name = Release;
		};
/* End XCBuildConfiguration section */

/* Begin XCConfigurationList section */
		CECDED3A1C5F3E47003C74E7 /* Build configuration list for PBXProject "StudyDrive" */ = {
			isa = XCConfigurationList;
			buildConfigurations = (
				CECDED541C5F3E48003C74E7 /* Debug */,
				CECDED551C5F3E48003C74E7 /* Release */,
			);
			defaultConfigurationIsVisible = 0;
			defaultConfigurationName = Release;
		};
		CECDED561C5F3E48003C74E7 /* Build configuration list for PBXNativeTarget "StudyDrive" */ = {
			isa = XCConfigurationList;
			buildConfigurations = (
				CECDED571C5F3E48003C74E7 /* Debug */,
				CECDED581C5F3E48003C74E7 /* Release */,
			);
			defaultConfigurationIsVisible = 0;
			defaultConfigurationName = Release;
		};
/* End XCConfigurationList section */
	};
	rootObject = CECDED371C5F3E47003C74E7 /* Project object */;
}
